
Microsoft Visual Studio Solution File, Format Version 12.00
# Visual Studio 15
Project("{2150E333-8FDC-42A3-9474-1A3956D46DE8}") = "3rdparty", "3rdparty", "{332C845F-43EC-37BC-867E-CF17421958F7}"
EndProject
Project("{2150E333-8FDC-42A3-9474-1A3956D46DE8}") = "CMakeTargets", "CMakeTargets", "{1EE1F80E-973C-32FC-B0A7-616B4AFA44C5}"
EndProject
Project("{2150E333-8FDC-42A3-9474-1A3956D46DE8}") = "modules", "modules", "{3D6E007E-129F-3BF6-875D-ED22F6AAA088}"
EndProject
Project("{8BC9CEB8-8B4A-11D0-8D11-00A0C91BC942}") = "ALL_BUILD", "ALL_BUILD.vcxproj", "{C52E6A76-8178-3B1F-930D-5CBBC4C48842}"
	ProjectSection(ProjectDependencies) = postProject
		{A2B6B0A1-0116-3B54-BA2A-2EB40583D0C0} = {A2B6B0A1-0116-3B54-BA2A-2EB40583D0C0}
		{25F1F230-8722-3294-9A82-3F5D93073CA7} = {25F1F230-8722-3294-9A82-3F5D93073CA7}
	EndProjectSection
EndProject
Project("{8BC9CEB8-8B4A-11D0-8D11-00A0C91BC942}") = "INSTALL", "INSTALL.vcxproj", "{E671D3BE-83C7-3754-8861-A5A7BFCDCE9F}"
	ProjectSection(ProjectDependencies) = postProject
		{C52E6A76-8178-3B1F-930D-5CBBC4C48842} = {C52E6A76-8178-3B1F-930D-5CBBC4C48842}
		{A2B6B0A1-0116-3B54-BA2A-2EB40583D0C0} = {A2B6B0A1-0116-3B54-BA2A-2EB40583D0C0}
	EndProjectSection
EndProject
Project("{8BC9CEB8-8B4A-11D0-8D11-00A0C91BC942}") = "PACKAGE", "PACKAGE.vcxproj", "{350F6A37-D4A1-3B5E-9B75-D9B3641E0E93}"
	ProjectSection(ProjectDependencies) = postProject
		{C52E6A76-8178-3B1F-930D-5CBBC4C48842} = {C52E6A76-8178-3B1F-930D-5CBBC4C48842}
		{A2B6B0A1-0116-3B54-BA2A-2EB40583D0C0} = {A2B6B0A1-0116-3B54-BA2A-2EB40583D0C0}
	EndProjectSection
EndProject
Project("{8BC9CEB8-8B4A-11D0-8D11-00A0C91BC942}") = "RUN_TESTS", "RUN_TESTS.vcxproj", "{EE93D452-1980-36AF-905E-EA892FF26044}"
	ProjectSection(ProjectDependencies) = postProject
		{A2B6B0A1-0116-3B54-BA2A-2EB40583D0C0} = {A2B6B0A1-0116-3B54-BA2A-2EB40583D0C0}
	EndProjectSection
EndProject
Project("{8BC9CEB8-8B4A-11D0-8D11-00A0C91BC942}") = "ZERO_CHECK", "..\..\\ZERO_CHECK.vcxproj", "{A2B6B0A1-0116-3B54-BA2A-2EB40583D0C0}"
	ProjectSection(ProjectDependencies) = postProject
	EndProjectSection
EndProject
Project("{8BC9CEB8-8B4A-11D0-8D11-00A0C91BC942}") = "opencv_core", "..\core\opencv_core.vcxproj", "{236D9F3A-4D25-3745-A439-0D17D29C4B19}"
	ProjectSection(ProjectDependencies) = postProject
		{A2B6B0A1-0116-3B54-BA2A-2EB40583D0C0} = {A2B6B0A1-0116-3B54-BA2A-2EB40583D0C0}
		{3A04D858-B82E-3A36-8AA0-1CA8EDAF9FE7} = {3A04D858-B82E-3A36-8AA0-1CA8EDAF9FE7}
	EndProjectSection
EndProject
Project("{8BC9CEB8-8B4A-11D0-8D11-00A0C91BC942}") = "opencv_features2d", "opencv_features2d.vcxproj", "{25F1F230-8722-3294-9A82-3F5D93073CA7}"
	ProjectSection(ProjectDependencies) = postProject
		{A2B6B0A1-0116-3B54-BA2A-2EB40583D0C0} = {A2B6B0A1-0116-3B54-BA2A-2EB40583D0C0}
		{236D9F3A-4D25-3745-A439-0D17D29C4B19} = {236D9F3A-4D25-3745-A439-0D17D29C4B19}
		{0C24BCD0-4390-3055-A2F6-2C8A42C3BC58} = {0C24BCD0-4390-3055-A2F6-2C8A42C3BC58}
		{AE105776-CAC0-304A-89A3-13174D730095} = {AE105776-CAC0-304A-89A3-13174D730095}
	EndProjectSection
EndProject
Project("{8BC9CEB8-8B4A-11D0-8D11-00A0C91BC942}") = "opencv_flann", "..\flann\opencv_flann.vcxproj", "{0C24BCD0-4390-3055-A2F6-2C8A42C3BC58}"
	ProjectSection(ProjectDependencies) = postProject
		{A2B6B0A1-0116-3B54-BA2A-2EB40583D0C0} = {A2B6B0A1-0116-3B54-BA2A-2EB40583D0C0}
		{236D9F3A-4D25-3745-A439-0D17D29C4B19} = {236D9F3A-4D25-3745-A439-0D17D29C4B19}
	EndProjectSection
EndProject
Project("{8BC9CEB8-8B4A-11D0-8D11-00A0C91BC942}") = "opencv_imgproc", "..\imgproc\opencv_imgproc.vcxproj", "{AE105776-CAC0-304A-89A3-13174D730095}"
	ProjectSection(ProjectDependencies) = postProject
		{A2B6B0A1-0116-3B54-BA2A-2EB40583D0C0} = {A2B6B0A1-0116-3B54-BA2A-2EB40583D0C0}
		{236D9F3A-4D25-3745-A439-0D17D29C4B19} = {236D9F3A-4D25-3745-A439-0D17D29C4B19}
	EndProjectSection
EndProject
Project("{8BC9CEB8-8B4A-11D0-8D11-00A0C91BC942}") = "zlib", "..\..\3rdparty\zlib\zlib.vcxproj", "{3A04D858-B82E-3A36-8AA0-1CA8EDAF9FE7}"
	ProjectSection(ProjectDependencies) = postProject
		{A2B6B0A1-0116-3B54-BA2A-2EB40583D0C0} = {A2B6B0A1-0116-3B54-BA2A-2EB40583D0C0}
	EndProjectSection
EndProject
Global
	GlobalSection(SolutionConfigurationPlatforms) = preSolution
		Debug|x64 = Debug|x64
		Release|x64 = Release|x64
	EndGlobalSection
	GlobalSection(ProjectConfigurationPlatforms) = postSolution
		{C52E6A76-8178-3B1F-930D-5CBBC4C48842}.Debug|x64.ActiveCfg = Debug|x64
		{C52E6A76-8178-3B1F-930D-5CBBC4C48842}.Debug|x64.Build.0 = Debug|x64
		{C52E6A76-8178-3B1F-930D-5CBBC4C48842}.Release|x64.ActiveCfg = Release|x64
		{C52E6A76-8178-3B1F-930D-5CBBC4C48842}.Release|x64.Build.0 = Release|x64
		{E671D3BE-83C7-3754-8861-A5A7BFCDCE9F}.Debug|x64.ActiveCfg = Debug|x64
		{E671D3BE-83C7-3754-8861-A5A7BFCDCE9F}.Release|x64.ActiveCfg = Release|x64
		{350F6A37-D4A1-3B5E-9B75-D9B3641E0E93}.Debug|x64.ActiveCfg = Debug|x64
		{350F6A37-D4A1-3B5E-9B75-D9B3641E0E93}.Release|x64.ActiveCfg = Release|x64
		{EE93D452-1980-36AF-905E-EA892FF26044}.Debug|x64.ActiveCfg = Debug|x64
		{EE93D452-1980-36AF-905E-EA892FF26044}.Release|x64.ActiveCfg = Release|x64
		{A2B6B0A1-0116-3B54-BA2A-2EB40583D0C0}.Debug|x64.ActiveCfg = Debug|x64
		{A2B6B0A1-0116-3B54-BA2A-2EB40583D0C0}.Debug|x64.Build.0 = Debug|x64
		{A2B6B0A1-0116-3B54-BA2A-2EB40583D0C0}.Release|x64.ActiveCfg = Release|x64
		{A2B6B0A1-0116-3B54-BA2A-2EB40583D0C0}.Release|x64.Build.0 = Release|x64
		{236D9F3A-4D25-3745-A439-0D17D29C4B19}.Debug|x64.ActiveCfg = Debug|x64
		{236D9F3A-4D25-3745-A439-0D17D29C4B19}.Debug|x64.Build.0 = Debug|x64
		{236D9F3A-4D25-3745-A439-0D17D29C4B19}.Release|x64.ActiveCfg = Release|x64
		{236D9F3A-4D25-3745-A439-0D17D29C4B19}.Release|x64.Build.0 = Release|x64
		{25F1F230-8722-3294-9A82-3F5D93073CA7}.Debug|x64.ActiveCfg = Debug|x64
		{25F1F230-8722-3294-9A82-3F5D93073CA7}.Debug|x64.Build.0 = Debug|x64
		{25F1F230-8722-3294-9A82-3F5D93073CA7}.Release|x64.ActiveCfg = Release|x64
		{25F1F230-8722-3294-9A82-3F5D93073CA7}.Release|x64.Build.0 = Release|x64
		{0C24BCD0-4390-3055-A2F6-2C8A42C3BC58}.Debug|x64.ActiveCfg = Debug|x64
		{0C24BCD0-4390-3055-A2F6-2C8A42C3BC58}.Debug|x64.Build.0 = Debug|x64
		{0C24BCD0-4390-3055-A2F6-2C8A42C3BC58}.Release|x64.ActiveCfg = Release|x64
		{0C24BCD0-4390-3055-A2F6-2C8A42C3BC58}.Release|x64.Build.0 = Release|x64
		{AE105776-CAC0-304A-89A3-13174D730095}.Debug|x64.ActiveCfg = Debug|x64
		{AE105776-CAC0-304A-89A3-13174D730095}.Debug|x64.Build.0 = Debug|x64
		{AE105776-CAC0-304A-89A3-13174D730095}.Release|x64.ActiveCfg = Release|x64
		{AE105776-CAC0-304A-89A3-13174D730095}.Release|x64.Build.0 = Release|x64
		{3A04D858-B82E-3A36-8AA0-1CA8EDAF9FE7}.Debug|x64.ActiveCfg = Debug|x64
		{3A04D858-B82E-3A36-8AA0-1CA8EDAF9FE7}.Debug|x64.Build.0 = Debug|x64
		{3A04D858-B82E-3A36-8AA0-1CA8EDAF9FE7}.Release|x64.ActiveCfg = Release|x64
		{3A04D858-B82E-3A36-8AA0-1CA8EDAF9FE7}.Release|x64.Build.0 = Release|x64
	EndGlobalSection
	GlobalSection(NestedProjects) = preSolution
		{3A04D858-B82E-3A36-8AA0-1CA8EDAF9FE7} = {332C845F-43EC-37BC-867E-CF17421958F7}
		{C52E6A76-8178-3B1F-930D-5CBBC4C48842} = {1EE1F80E-973C-32FC-B0A7-616B4AFA44C5}
		{E671D3BE-83C7-3754-8861-A5A7BFCDCE9F} = {1EE1F80E-973C-32FC-B0A7-616B4AFA44C5}
		{350F6A37-D4A1-3B5E-9B75-D9B3641E0E93} = {1EE1F80E-973C-32FC-B0A7-616B4AFA44C5}
		{EE93D452-1980-36AF-905E-EA892FF26044} = {1EE1F80E-973C-32FC-B0A7-616B4AFA44C5}
		{A2B6B0A1-0116-3B54-BA2A-2EB40583D0C0} = {1EE1F80E-973C-32FC-B0A7-616B4AFA44C5}
		{236D9F3A-4D25-3745-A439-0D17D29C4B19} = {3D6E007E-129F-3BF6-875D-ED22F6AAA088}
		{25F1F230-8722-3294-9A82-3F5D93073CA7} = {3D6E007E-129F-3BF6-875D-ED22F6AAA088}
		{0C24BCD0-4390-3055-A2F6-2C8A42C3BC58} = {3D6E007E-129F-3BF6-875D-ED22F6AAA088}
		{AE105776-CAC0-304A-89A3-13174D730095} = {3D6E007E-129F-3BF6-875D-ED22F6AAA088}
	EndGlobalSection
	GlobalSection(ExtensibilityGlobals) = postSolution
		SolutionGuid = {A5AA2DB6-E492-3188-9544-1686611D61DF}
	EndGlobalSection
	GlobalSection(ExtensibilityAddIns) = postSolution
	EndGlobalSection
EndGlobal
