Microsoft Visual Studio Solution File, Format Version 12.00
# Visual Studio 15
VisualStudioVersion = 15.0.34112.143
MinimumVisualStudioVersion = 10.0.40219.1
Project("{2150E333-8FDC-42A3-9474-1A3956D46DE8}") = "3rdparty", "3rdparty", "{332C845F-43EC-37BC-867E-CF17421958F7}"
EndProject
Project("{2150E333-8FDC-42A3-9474-1A3956D46DE8}") = "CMakeTargets", "CMakeTargets", "{1EE1F80E-973C-32FC-B0A7-616B4AFA44C5}"
EndProject
Project("{2150E333-8FDC-42A3-9474-1A3956D46DE8}") = "dispatched", "dispatched", "{F02A0AD5-18B7-3AD1-952A-FACA86C883C3}"
EndProject
Project("{2150E333-8FDC-42A3-9474-1A3956D46DE8}") = "extra", "extra", "{C0BFD508-1D08-3C96-B987-1C70B4EA9686}"
EndProject
Project("{2150E333-8FDC-42A3-9474-1A3956D46DE8}") = "modules", "modules", "{3D6E007E-129F-3BF6-875D-ED22F6AAA088}"
EndProject
Project("{8BC9CEB8-8B4A-11D0-8D11-00A0C91BC942}") = "PACKAGE", "PACKAGE.vcxproj", "{350F6A37-D4A1-3B5E-9B75-D9B3641E0E93}"
	ProjectSection(ProjectDependencies) = postProject
		{A2B6B0A1-0116-3B54-BA2A-2EB40583D0C0} = {A2B6B0A1-0116-3B54-BA2A-2EB40583D0C0}
	EndProjectSection
EndProject
Project("{8BC9CEB8-8B4A-11D0-8D11-00A0C91BC942}") = "ZERO_CHECK", "ZERO_CHECK.vcxproj", "{A2B6B0A1-0116-3B54-BA2A-2EB40583D0C0}"
EndProject
Project("{8BC9CEB8-8B4A-11D0-8D11-00A0C91BC942}") = "jsimd", "3rdparty\libjpeg-turbo\jsimd.vcxproj", "{5AA2EDFF-19C7-321B-AF8E-EF048850274A}"
	ProjectSection(ProjectDependencies) = postProject
		{A2B6B0A1-0116-3B54-BA2A-2EB40583D0C0} = {A2B6B0A1-0116-3B54-BA2A-2EB40583D0C0}
	EndProjectSection
EndProject
Project("{8BC9CEB8-8B4A-11D0-8D11-00A0C91BC942}") = "libjpeg-turbo", "3rdparty\libjpeg-turbo\libjpeg-turbo.vcxproj", "{62B866CB-7714-3C1A-9252-BCA1F8C1DFBC}"
	ProjectSection(ProjectDependencies) = postProject
		{A2B6B0A1-0116-3B54-BA2A-2EB40583D0C0} = {A2B6B0A1-0116-3B54-BA2A-2EB40583D0C0}
		{5AA2EDFF-19C7-321B-AF8E-EF048850274A} = {5AA2EDFF-19C7-321B-AF8E-EF048850274A}
	EndProjectSection
EndProject
Project("{8BC9CEB8-8B4A-11D0-8D11-00A0C91BC942}") = "libopenjp2", "3rdparty\openjpeg\openjp2\libopenjp2.vcxproj", "{A14E548A-5288-34A7-9C1C-80B6476605C1}"
	ProjectSection(ProjectDependencies) = postProject
		{A2B6B0A1-0116-3B54-BA2A-2EB40583D0C0} = {A2B6B0A1-0116-3B54-BA2A-2EB40583D0C0}
	EndProjectSection
EndProject
Project("{8BC9CEB8-8B4A-11D0-8D11-00A0C91BC942}") = "libpng", "3rdparty\libpng\libpng.vcxproj", "{978D094A-68DD-3BB9-A26D-A1848DD8050A}"
	ProjectSection(ProjectDependencies) = postProject
		{A2B6B0A1-0116-3B54-BA2A-2EB40583D0C0} = {A2B6B0A1-0116-3B54-BA2A-2EB40583D0C0}
		{3A04D858-B82E-3A36-8AA0-1CA8EDAF9FE7} = {3A04D858-B82E-3A36-8AA0-1CA8EDAF9FE7}
	EndProjectSection
EndProject
Project("{8BC9CEB8-8B4A-11D0-8D11-00A0C91BC942}") = "libprotobuf", "3rdparty\protobuf\libprotobuf.vcxproj", "{E43046B4-1ED1-3DF1-9F99-834EBC22AC4B}"
	ProjectSection(ProjectDependencies) = postProject
		{A2B6B0A1-0116-3B54-BA2A-2EB40583D0C0} = {A2B6B0A1-0116-3B54-BA2A-2EB40583D0C0}
	EndProjectSection
EndProject
Project("{8BC9CEB8-8B4A-11D0-8D11-00A0C91BC942}") = "libtiff", "3rdparty\libtiff\libtiff.vcxproj", "{2EFBDC74-2413-3C7F-898C-B7A7DF6DE808}"
	ProjectSection(ProjectDependencies) = postProject
		{A2B6B0A1-0116-3B54-BA2A-2EB40583D0C0} = {A2B6B0A1-0116-3B54-BA2A-2EB40583D0C0}
		{3A04D858-B82E-3A36-8AA0-1CA8EDAF9FE7} = {3A04D858-B82E-3A36-8AA0-1CA8EDAF9FE7}
	EndProjectSection
EndProject
Project("{8BC9CEB8-8B4A-11D0-8D11-00A0C91BC942}") = "libwebp", "3rdparty\libwebp\libwebp.vcxproj", "{220DAAA7-4AD6-30AF-97F5-8873DCF9F38C}"
	ProjectSection(ProjectDependencies) = postProject
		{A2B6B0A1-0116-3B54-BA2A-2EB40583D0C0} = {A2B6B0A1-0116-3B54-BA2A-2EB40583D0C0}
	EndProjectSection
EndProject
Project("{8BC9CEB8-8B4A-11D0-8D11-00A0C91BC942}") = "opencv_aruco", "contrib\aruco\opencv_aruco.vcxproj", "{EEFE6921-9F76-3EDC-BE4D-64B9FC7B7474}"
	ProjectSection(ProjectDependencies) = postProject
		{A2B6B0A1-0116-3B54-BA2A-2EB40583D0C0} = {A2B6B0A1-0116-3B54-BA2A-2EB40583D0C0}
		{9F4C872A-07C5-34F4-97A1-A6FD09C48232} = {9F4C872A-07C5-34F4-97A1-A6FD09C48232}
		{236D9F3A-4D25-3745-A439-0D17D29C4B19} = {236D9F3A-4D25-3745-A439-0D17D29C4B19}
		{773D86A9-7F17-3DC3-8E3E-B3D3AF1688C0} = {773D86A9-7F17-3DC3-8E3E-B3D3AF1688C0}
		{25F1F230-8722-3294-9A82-3F5D93073CA7} = {25F1F230-8722-3294-9A82-3F5D93073CA7}
		{0C24BCD0-4390-3055-A2F6-2C8A42C3BC58} = {0C24BCD0-4390-3055-A2F6-2C8A42C3BC58}
		{AE105776-CAC0-304A-89A3-13174D730095} = {AE105776-CAC0-304A-89A3-13174D730095}
		{0EE710F9-7C5C-3DEF-8921-4C0657DCDE49} = {0EE710F9-7C5C-3DEF-8921-4C0657DCDE49}
	EndProjectSection
EndProject
Project("{8BC9CEB8-8B4A-11D0-8D11-00A0C91BC942}") = "opencv_bgsegm", "contrib\bgsegm\opencv_bgsegm.vcxproj", "{89A5C56D-FEFE-37F2-BE88-9357D332B47F}"
	ProjectSection(ProjectDependencies) = postProject
		{A2B6B0A1-0116-3B54-BA2A-2EB40583D0C0} = {A2B6B0A1-0116-3B54-BA2A-2EB40583D0C0}
		{9F4C872A-07C5-34F4-97A1-A6FD09C48232} = {9F4C872A-07C5-34F4-97A1-A6FD09C48232}
		{236D9F3A-4D25-3745-A439-0D17D29C4B19} = {236D9F3A-4D25-3745-A439-0D17D29C4B19}
		{773D86A9-7F17-3DC3-8E3E-B3D3AF1688C0} = {773D86A9-7F17-3DC3-8E3E-B3D3AF1688C0}
		{25F1F230-8722-3294-9A82-3F5D93073CA7} = {25F1F230-8722-3294-9A82-3F5D93073CA7}
		{0C24BCD0-4390-3055-A2F6-2C8A42C3BC58} = {0C24BCD0-4390-3055-A2F6-2C8A42C3BC58}
		{AE105776-CAC0-304A-89A3-13174D730095} = {AE105776-CAC0-304A-89A3-13174D730095}
		{C7B12197-80DA-3FC4-9EAA-4EF3318CE198} = {C7B12197-80DA-3FC4-9EAA-4EF3318CE198}
	EndProjectSection
EndProject
Project("{8BC9CEB8-8B4A-11D0-8D11-00A0C91BC942}") = "opencv_bioinspired", "contrib\bioinspired\opencv_bioinspired.vcxproj", "{2138D463-2D5B-39FB-8768-19D36E11CC89}"
	ProjectSection(ProjectDependencies) = postProject
		{A2B6B0A1-0116-3B54-BA2A-2EB40583D0C0} = {A2B6B0A1-0116-3B54-BA2A-2EB40583D0C0}
		{236D9F3A-4D25-3745-A439-0D17D29C4B19} = {236D9F3A-4D25-3745-A439-0D17D29C4B19}
		{A232D01B-8121-365E-B21E-380119B4A2F8} = {A232D01B-8121-365E-B21E-380119B4A2F8}
		{0C89160B-F0FF-3B00-A234-9EC8877EDEFF} = {0C89160B-F0FF-3B00-A234-9EC8877EDEFF}
		{AE105776-CAC0-304A-89A3-13174D730095} = {AE105776-CAC0-304A-89A3-13174D730095}
		{282F506C-806C-33EF-884D-3E3E9CA8EE5D} = {282F506C-806C-33EF-884D-3E3E9CA8EE5D}
	EndProjectSection
EndProject
Project("{8BC9CEB8-8B4A-11D0-8D11-00A0C91BC942}") = "opencv_calib3d", "modules\calib3d\opencv_calib3d.vcxproj", "{9F4C872A-07C5-34F4-97A1-A6FD09C48232}"
	ProjectSection(ProjectDependencies) = postProject
		{A2B6B0A1-0116-3B54-BA2A-2EB40583D0C0} = {A2B6B0A1-0116-3B54-BA2A-2EB40583D0C0}
		{EF4ECDCF-CD4F-3C95-AB1C-1FD9CC6A61F4} = {EF4ECDCF-CD4F-3C95-AB1C-1FD9CC6A61F4}
		{236D9F3A-4D25-3745-A439-0D17D29C4B19} = {236D9F3A-4D25-3745-A439-0D17D29C4B19}
		{25F1F230-8722-3294-9A82-3F5D93073CA7} = {25F1F230-8722-3294-9A82-3F5D93073CA7}
		{0C24BCD0-4390-3055-A2F6-2C8A42C3BC58} = {0C24BCD0-4390-3055-A2F6-2C8A42C3BC58}
		{AE105776-CAC0-304A-89A3-13174D730095} = {AE105776-CAC0-304A-89A3-13174D730095}
	EndProjectSection
EndProject
Project("{8BC9CEB8-8B4A-11D0-8D11-00A0C91BC942}") = "opencv_calib3d_AVX2", "modules\calib3d\opencv_calib3d_AVX2.vcxproj", "{EF4ECDCF-CD4F-3C95-AB1C-1FD9CC6A61F4}"
	ProjectSection(ProjectDependencies) = postProject
		{A2B6B0A1-0116-3B54-BA2A-2EB40583D0C0} = {A2B6B0A1-0116-3B54-BA2A-2EB40583D0C0}
	EndProjectSection
EndProject
Project("{8BC9CEB8-8B4A-11D0-8D11-00A0C91BC942}") = "opencv_ccalib", "contrib\ccalib\opencv_ccalib.vcxproj", "{1F5F8394-FA39-3378-A57A-6BC5F8B76CFC}"
	ProjectSection(ProjectDependencies) = postProject
		{A2B6B0A1-0116-3B54-BA2A-2EB40583D0C0} = {A2B6B0A1-0116-3B54-BA2A-2EB40583D0C0}
		{9F4C872A-07C5-34F4-97A1-A6FD09C48232} = {9F4C872A-07C5-34F4-97A1-A6FD09C48232}
		{236D9F3A-4D25-3745-A439-0D17D29C4B19} = {236D9F3A-4D25-3745-A439-0D17D29C4B19}
		{25F1F230-8722-3294-9A82-3F5D93073CA7} = {25F1F230-8722-3294-9A82-3F5D93073CA7}
		{0C24BCD0-4390-3055-A2F6-2C8A42C3BC58} = {0C24BCD0-4390-3055-A2F6-2C8A42C3BC58}
		{A232D01B-8121-365E-B21E-380119B4A2F8} = {A232D01B-8121-365E-B21E-380119B4A2F8}
		{0C89160B-F0FF-3B00-A234-9EC8877EDEFF} = {0C89160B-F0FF-3B00-A234-9EC8877EDEFF}
		{AE105776-CAC0-304A-89A3-13174D730095} = {AE105776-CAC0-304A-89A3-13174D730095}
		{282F506C-806C-33EF-884D-3E3E9CA8EE5D} = {282F506C-806C-33EF-884D-3E3E9CA8EE5D}
	EndProjectSection
EndProject
Project("{8BC9CEB8-8B4A-11D0-8D11-00A0C91BC942}") = "opencv_core", "modules\core\opencv_core.vcxproj", "{236D9F3A-4D25-3745-A439-0D17D29C4B19}"
	ProjectSection(ProjectDependencies) = postProject
		{A2B6B0A1-0116-3B54-BA2A-2EB40583D0C0} = {A2B6B0A1-0116-3B54-BA2A-2EB40583D0C0}
		{DFCC8619-D63E-3634-96B7-9F2A87498F0E} = {DFCC8619-D63E-3634-96B7-9F2A87498F0E}
		{DB2B6619-8241-3360-AA30-FFDBCBEADAEF} = {DB2B6619-8241-3360-AA30-FFDBCBEADAEF}
		{21CB419B-A901-3D90-A7B8-74B0E47FA2BF} = {21CB419B-A901-3D90-A7B8-74B0E47FA2BF}
		{7D94D9AD-F080-335A-A808-4A28D556A542} = {7D94D9AD-F080-335A-A808-4A28D556A542}
		{22A6E935-9A30-3A01-8532-39A63F9E667C} = {22A6E935-9A30-3A01-8532-39A63F9E667C}
		{3A04D858-B82E-3A36-8AA0-1CA8EDAF9FE7} = {3A04D858-B82E-3A36-8AA0-1CA8EDAF9FE7}
	EndProjectSection
EndProject
Project("{8BC9CEB8-8B4A-11D0-8D11-00A0C91BC942}") = "opencv_core_AVX", "modules\core\opencv_core_AVX.vcxproj", "{DFCC8619-D63E-3634-96B7-9F2A87498F0E}"
	ProjectSection(ProjectDependencies) = postProject
		{A2B6B0A1-0116-3B54-BA2A-2EB40583D0C0} = {A2B6B0A1-0116-3B54-BA2A-2EB40583D0C0}
	EndProjectSection
EndProject
Project("{8BC9CEB8-8B4A-11D0-8D11-00A0C91BC942}") = "opencv_core_AVX2", "modules\core\opencv_core_AVX2.vcxproj", "{DB2B6619-8241-3360-AA30-FFDBCBEADAEF}"
	ProjectSection(ProjectDependencies) = postProject
		{A2B6B0A1-0116-3B54-BA2A-2EB40583D0C0} = {A2B6B0A1-0116-3B54-BA2A-2EB40583D0C0}
	EndProjectSection
EndProject
Project("{8BC9CEB8-8B4A-11D0-8D11-00A0C91BC942}") = "opencv_core_AVX512_SKX", "modules\core\opencv_core_AVX512_SKX.vcxproj", "{21CB419B-A901-3D90-A7B8-74B0E47FA2BF}"
	ProjectSection(ProjectDependencies) = postProject
		{A2B6B0A1-0116-3B54-BA2A-2EB40583D0C0} = {A2B6B0A1-0116-3B54-BA2A-2EB40583D0C0}
	EndProjectSection
EndProject
Project("{8BC9CEB8-8B4A-11D0-8D11-00A0C91BC942}") = "opencv_core_SSE4_1", "modules\core\opencv_core_SSE4_1.vcxproj", "{7D94D9AD-F080-335A-A808-4A28D556A542}"
	ProjectSection(ProjectDependencies) = postProject
		{A2B6B0A1-0116-3B54-BA2A-2EB40583D0C0} = {A2B6B0A1-0116-3B54-BA2A-2EB40583D0C0}
	EndProjectSection
EndProject
Project("{8BC9CEB8-8B4A-11D0-8D11-00A0C91BC942}") = "opencv_core_SSE4_2", "modules\core\opencv_core_SSE4_2.vcxproj", "{22A6E935-9A30-3A01-8532-39A63F9E667C}"
	ProjectSection(ProjectDependencies) = postProject
		{A2B6B0A1-0116-3B54-BA2A-2EB40583D0C0} = {A2B6B0A1-0116-3B54-BA2A-2EB40583D0C0}
	EndProjectSection
EndProject
Project("{8BC9CEB8-8B4A-11D0-8D11-00A0C91BC942}") = "opencv_datasets", "contrib\datasets\opencv_datasets.vcxproj", "{D1C15069-B8C2-3794-A383-1473E2C09FC2}"
	ProjectSection(ProjectDependencies) = postProject
		{A2B6B0A1-0116-3B54-BA2A-2EB40583D0C0} = {A2B6B0A1-0116-3B54-BA2A-2EB40583D0C0}
		{236D9F3A-4D25-3745-A439-0D17D29C4B19} = {236D9F3A-4D25-3745-A439-0D17D29C4B19}
		{773D86A9-7F17-3DC3-8E3E-B3D3AF1688C0} = {773D86A9-7F17-3DC3-8E3E-B3D3AF1688C0}
		{25F1F230-8722-3294-9A82-3F5D93073CA7} = {25F1F230-8722-3294-9A82-3F5D93073CA7}
		{0C24BCD0-4390-3055-A2F6-2C8A42C3BC58} = {0C24BCD0-4390-3055-A2F6-2C8A42C3BC58}
		{0C89160B-F0FF-3B00-A234-9EC8877EDEFF} = {0C89160B-F0FF-3B00-A234-9EC8877EDEFF}
		{AE105776-CAC0-304A-89A3-13174D730095} = {AE105776-CAC0-304A-89A3-13174D730095}
		{39C3E051-8DFF-3A8A-B56B-C768951D31C2} = {39C3E051-8DFF-3A8A-B56B-C768951D31C2}
		{320D0373-40C4-35AC-8C75-401C4E48A889} = {320D0373-40C4-35AC-8C75-401C4E48A889}
	EndProjectSection
EndProject
Project("{8BC9CEB8-8B4A-11D0-8D11-00A0C91BC942}") = "opencv_dnn", "modules\dnn\opencv_dnn.vcxproj", "{773D86A9-7F17-3DC3-8E3E-B3D3AF1688C0}"
	ProjectSection(ProjectDependencies) = postProject
		{A2B6B0A1-0116-3B54-BA2A-2EB40583D0C0} = {A2B6B0A1-0116-3B54-BA2A-2EB40583D0C0}
		{E43046B4-1ED1-3DF1-9F99-834EBC22AC4B} = {E43046B4-1ED1-3DF1-9F99-834EBC22AC4B}
		{236D9F3A-4D25-3745-A439-0D17D29C4B19} = {236D9F3A-4D25-3745-A439-0D17D29C4B19}
		{ED31A967-4A1D-31DC-AFC0-E687D88FD89F} = {ED31A967-4A1D-31DC-AFC0-E687D88FD89F}
		{D6943C23-DE50-30DD-A100-8310E8706C86} = {D6943C23-DE50-30DD-A100-8310E8706C86}
		{10AA9BC6-96D8-31AE-92E7-D1450494A302} = {10AA9BC6-96D8-31AE-92E7-D1450494A302}
		{AE105776-CAC0-304A-89A3-13174D730095} = {AE105776-CAC0-304A-89A3-13174D730095}
	EndProjectSection
EndProject
Project("{8BC9CEB8-8B4A-11D0-8D11-00A0C91BC942}") = "opencv_dnn_AVX", "modules\dnn\opencv_dnn_AVX.vcxproj", "{ED31A967-4A1D-31DC-AFC0-E687D88FD89F}"
	ProjectSection(ProjectDependencies) = postProject
		{A2B6B0A1-0116-3B54-BA2A-2EB40583D0C0} = {A2B6B0A1-0116-3B54-BA2A-2EB40583D0C0}
	EndProjectSection
EndProject
Project("{8BC9CEB8-8B4A-11D0-8D11-00A0C91BC942}") = "opencv_dnn_AVX2", "modules\dnn\opencv_dnn_AVX2.vcxproj", "{D6943C23-DE50-30DD-A100-8310E8706C86}"
	ProjectSection(ProjectDependencies) = postProject
		{A2B6B0A1-0116-3B54-BA2A-2EB40583D0C0} = {A2B6B0A1-0116-3B54-BA2A-2EB40583D0C0}
	EndProjectSection
EndProject
Project("{8BC9CEB8-8B4A-11D0-8D11-00A0C91BC942}") = "opencv_dnn_AVX512_SKX", "modules\dnn\opencv_dnn_AVX512_SKX.vcxproj", "{10AA9BC6-96D8-31AE-92E7-D1450494A302}"
	ProjectSection(ProjectDependencies) = postProject
		{A2B6B0A1-0116-3B54-BA2A-2EB40583D0C0} = {A2B6B0A1-0116-3B54-BA2A-2EB40583D0C0}
	EndProjectSection
EndProject
Project("{8BC9CEB8-8B4A-11D0-8D11-00A0C91BC942}") = "opencv_dnn_objdetect", "contrib\dnn_objdetect\opencv_dnn_objdetect.vcxproj", "{1CB47CD8-CE01-33A1-883C-892116523CB7}"
	ProjectSection(ProjectDependencies) = postProject
		{A2B6B0A1-0116-3B54-BA2A-2EB40583D0C0} = {A2B6B0A1-0116-3B54-BA2A-2EB40583D0C0}
		{236D9F3A-4D25-3745-A439-0D17D29C4B19} = {236D9F3A-4D25-3745-A439-0D17D29C4B19}
		{773D86A9-7F17-3DC3-8E3E-B3D3AF1688C0} = {773D86A9-7F17-3DC3-8E3E-B3D3AF1688C0}
		{A232D01B-8121-365E-B21E-380119B4A2F8} = {A232D01B-8121-365E-B21E-380119B4A2F8}
		{0C89160B-F0FF-3B00-A234-9EC8877EDEFF} = {0C89160B-F0FF-3B00-A234-9EC8877EDEFF}
		{AE105776-CAC0-304A-89A3-13174D730095} = {AE105776-CAC0-304A-89A3-13174D730095}
		{282F506C-806C-33EF-884D-3E3E9CA8EE5D} = {282F506C-806C-33EF-884D-3E3E9CA8EE5D}
	EndProjectSection
EndProject
Project("{8BC9CEB8-8B4A-11D0-8D11-00A0C91BC942}") = "opencv_dnn_superres", "contrib\dnn_superres\opencv_dnn_superres.vcxproj", "{B332A878-3F80-3051-B2BE-D10109221D8F}"
	ProjectSection(ProjectDependencies) = postProject
		{A2B6B0A1-0116-3B54-BA2A-2EB40583D0C0} = {A2B6B0A1-0116-3B54-BA2A-2EB40583D0C0}
		{236D9F3A-4D25-3745-A439-0D17D29C4B19} = {236D9F3A-4D25-3745-A439-0D17D29C4B19}
		{773D86A9-7F17-3DC3-8E3E-B3D3AF1688C0} = {773D86A9-7F17-3DC3-8E3E-B3D3AF1688C0}
		{AE105776-CAC0-304A-89A3-13174D730095} = {AE105776-CAC0-304A-89A3-13174D730095}
		{39C3E051-8DFF-3A8A-B56B-C768951D31C2} = {39C3E051-8DFF-3A8A-B56B-C768951D31C2}
		{A2DD7FDD-5F87-3DF6-8056-28ECB89FB326} = {A2DD7FDD-5F87-3DF6-8056-28ECB89FB326}
	EndProjectSection
EndProject
Project("{8BC9CEB8-8B4A-11D0-8D11-00A0C91BC942}") = "opencv_dpm", "contrib\dpm\opencv_dpm.vcxproj", "{2BE4809C-4F8E-3741-A9DC-BB9D34EE5780}"
	ProjectSection(ProjectDependencies) = postProject
		{A2B6B0A1-0116-3B54-BA2A-2EB40583D0C0} = {A2B6B0A1-0116-3B54-BA2A-2EB40583D0C0}
		{9F4C872A-07C5-34F4-97A1-A6FD09C48232} = {9F4C872A-07C5-34F4-97A1-A6FD09C48232}
		{236D9F3A-4D25-3745-A439-0D17D29C4B19} = {236D9F3A-4D25-3745-A439-0D17D29C4B19}
		{773D86A9-7F17-3DC3-8E3E-B3D3AF1688C0} = {773D86A9-7F17-3DC3-8E3E-B3D3AF1688C0}
		{25F1F230-8722-3294-9A82-3F5D93073CA7} = {25F1F230-8722-3294-9A82-3F5D93073CA7}
		{0C24BCD0-4390-3055-A2F6-2C8A42C3BC58} = {0C24BCD0-4390-3055-A2F6-2C8A42C3BC58}
		{A232D01B-8121-365E-B21E-380119B4A2F8} = {A232D01B-8121-365E-B21E-380119B4A2F8}
		{0C89160B-F0FF-3B00-A234-9EC8877EDEFF} = {0C89160B-F0FF-3B00-A234-9EC8877EDEFF}
		{AE105776-CAC0-304A-89A3-13174D730095} = {AE105776-CAC0-304A-89A3-13174D730095}
		{0EE710F9-7C5C-3DEF-8921-4C0657DCDE49} = {0EE710F9-7C5C-3DEF-8921-4C0657DCDE49}
		{282F506C-806C-33EF-884D-3E3E9CA8EE5D} = {282F506C-806C-33EF-884D-3E3E9CA8EE5D}
	EndProjectSection
EndProject
Project("{8BC9CEB8-8B4A-11D0-8D11-00A0C91BC942}") = "opencv_face", "contrib\face\opencv_face.vcxproj", "{763BECA9-0785-31A2-851F-F6F1465D4C56}"
	ProjectSection(ProjectDependencies) = postProject
		{A2B6B0A1-0116-3B54-BA2A-2EB40583D0C0} = {A2B6B0A1-0116-3B54-BA2A-2EB40583D0C0}
		{9F4C872A-07C5-34F4-97A1-A6FD09C48232} = {9F4C872A-07C5-34F4-97A1-A6FD09C48232}
		{236D9F3A-4D25-3745-A439-0D17D29C4B19} = {236D9F3A-4D25-3745-A439-0D17D29C4B19}
		{773D86A9-7F17-3DC3-8E3E-B3D3AF1688C0} = {773D86A9-7F17-3DC3-8E3E-B3D3AF1688C0}
		{25F1F230-8722-3294-9A82-3F5D93073CA7} = {25F1F230-8722-3294-9A82-3F5D93073CA7}
		{0C24BCD0-4390-3055-A2F6-2C8A42C3BC58} = {0C24BCD0-4390-3055-A2F6-2C8A42C3BC58}
		{AE105776-CAC0-304A-89A3-13174D730095} = {AE105776-CAC0-304A-89A3-13174D730095}
		{0EE710F9-7C5C-3DEF-8921-4C0657DCDE49} = {0EE710F9-7C5C-3DEF-8921-4C0657DCDE49}
		{11BB04C8-ACA5-3881-8ECD-F1D400D3824E} = {11BB04C8-ACA5-3881-8ECD-F1D400D3824E}
	EndProjectSection
EndProject
Project("{8BC9CEB8-8B4A-11D0-8D11-00A0C91BC942}") = "opencv_features2d", "modules\features2d\opencv_features2d.vcxproj", "{25F1F230-8722-3294-9A82-3F5D93073CA7}"
	ProjectSection(ProjectDependencies) = postProject
		{A2B6B0A1-0116-3B54-BA2A-2EB40583D0C0} = {A2B6B0A1-0116-3B54-BA2A-2EB40583D0C0}
		{236D9F3A-4D25-3745-A439-0D17D29C4B19} = {236D9F3A-4D25-3745-A439-0D17D29C4B19}
		{75E4E709-2A1F-3E15-97D0-DC85B614C59E} = {75E4E709-2A1F-3E15-97D0-DC85B614C59E}
		{2BAD0CF6-9926-3937-9399-AB763A6D6E8E} = {2BAD0CF6-9926-3937-9399-AB763A6D6E8E}
		{F4649CDD-EBEF-381E-B761-A74D7C769E05} = {F4649CDD-EBEF-381E-B761-A74D7C769E05}
		{0C24BCD0-4390-3055-A2F6-2C8A42C3BC58} = {0C24BCD0-4390-3055-A2F6-2C8A42C3BC58}
		{AE105776-CAC0-304A-89A3-13174D730095} = {AE105776-CAC0-304A-89A3-13174D730095}
	EndProjectSection
EndProject
Project("{8BC9CEB8-8B4A-11D0-8D11-00A0C91BC942}") = "opencv_features2d_AVX2", "modules\features2d\opencv_features2d_AVX2.vcxproj", "{75E4E709-2A1F-3E15-97D0-DC85B614C59E}"
	ProjectSection(ProjectDependencies) = postProject
		{A2B6B0A1-0116-3B54-BA2A-2EB40583D0C0} = {A2B6B0A1-0116-3B54-BA2A-2EB40583D0C0}
	EndProjectSection
EndProject
Project("{8BC9CEB8-8B4A-11D0-8D11-00A0C91BC942}") = "opencv_features2d_AVX512_SKX", "modules\features2d\opencv_features2d_AVX512_SKX.vcxproj", "{2BAD0CF6-9926-3937-9399-AB763A6D6E8E}"
	ProjectSection(ProjectDependencies) = postProject
		{A2B6B0A1-0116-3B54-BA2A-2EB40583D0C0} = {A2B6B0A1-0116-3B54-BA2A-2EB40583D0C0}
	EndProjectSection
EndProject
Project("{8BC9CEB8-8B4A-11D0-8D11-00A0C91BC942}") = "opencv_features2d_SSE4_1", "modules\features2d\opencv_features2d_SSE4_1.vcxproj", "{F4649CDD-EBEF-381E-B761-A74D7C769E05}"
	ProjectSection(ProjectDependencies) = postProject
		{A2B6B0A1-0116-3B54-BA2A-2EB40583D0C0} = {A2B6B0A1-0116-3B54-BA2A-2EB40583D0C0}
	EndProjectSection
EndProject
Project("{8BC9CEB8-8B4A-11D0-8D11-00A0C91BC942}") = "opencv_flann", "modules\flann\opencv_flann.vcxproj", "{0C24BCD0-4390-3055-A2F6-2C8A42C3BC58}"
	ProjectSection(ProjectDependencies) = postProject
		{A2B6B0A1-0116-3B54-BA2A-2EB40583D0C0} = {A2B6B0A1-0116-3B54-BA2A-2EB40583D0C0}
		{236D9F3A-4D25-3745-A439-0D17D29C4B19} = {236D9F3A-4D25-3745-A439-0D17D29C4B19}
	EndProjectSection
EndProject
Project("{8BC9CEB8-8B4A-11D0-8D11-00A0C91BC942}") = "opencv_fuzzy", "contrib\fuzzy\opencv_fuzzy.vcxproj", "{65FC7599-4461-3D4B-A4CA-650D6394E5DC}"
	ProjectSection(ProjectDependencies) = postProject
		{A2B6B0A1-0116-3B54-BA2A-2EB40583D0C0} = {A2B6B0A1-0116-3B54-BA2A-2EB40583D0C0}
		{236D9F3A-4D25-3745-A439-0D17D29C4B19} = {236D9F3A-4D25-3745-A439-0D17D29C4B19}
		{AE105776-CAC0-304A-89A3-13174D730095} = {AE105776-CAC0-304A-89A3-13174D730095}
	EndProjectSection
EndProject
Project("{8BC9CEB8-8B4A-11D0-8D11-00A0C91BC942}") = "opencv_gapi_AVX2", "modules\gapi\opencv_gapi_AVX2.vcxproj", "{6BCB52A1-3233-3F0A-886E-C7B6666C0845}"
	ProjectSection(ProjectDependencies) = postProject
		{A2B6B0A1-0116-3B54-BA2A-2EB40583D0C0} = {A2B6B0A1-0116-3B54-BA2A-2EB40583D0C0}
	EndProjectSection
EndProject
Project("{8BC9CEB8-8B4A-11D0-8D11-00A0C91BC942}") = "opencv_gapi_SSE4_1", "modules\gapi\opencv_gapi_SSE4_1.vcxproj", "{9D87A25E-9CB1-33BE-BF55-ED24F1BEA689}"
	ProjectSection(ProjectDependencies) = postProject
		{A2B6B0A1-0116-3B54-BA2A-2EB40583D0C0} = {A2B6B0A1-0116-3B54-BA2A-2EB40583D0C0}
	EndProjectSection
EndProject
Project("{8BC9CEB8-8B4A-11D0-8D11-00A0C91BC942}") = "opencv_hfs", "contrib\hfs\opencv_hfs.vcxproj", "{2F0D42A7-7621-307F-8722-340D150E686B}"
	ProjectSection(ProjectDependencies) = postProject
		{A2B6B0A1-0116-3B54-BA2A-2EB40583D0C0} = {A2B6B0A1-0116-3B54-BA2A-2EB40583D0C0}
		{236D9F3A-4D25-3745-A439-0D17D29C4B19} = {236D9F3A-4D25-3745-A439-0D17D29C4B19}
		{AE105776-CAC0-304A-89A3-13174D730095} = {AE105776-CAC0-304A-89A3-13174D730095}
	EndProjectSection
EndProject
Project("{8BC9CEB8-8B4A-11D0-8D11-00A0C91BC942}") = "opencv_highgui", "modules\highgui\opencv_highgui.vcxproj", "{A232D01B-8121-365E-B21E-380119B4A2F8}"
	ProjectSection(ProjectDependencies) = postProject
		{A2B6B0A1-0116-3B54-BA2A-2EB40583D0C0} = {A2B6B0A1-0116-3B54-BA2A-2EB40583D0C0}
		{236D9F3A-4D25-3745-A439-0D17D29C4B19} = {236D9F3A-4D25-3745-A439-0D17D29C4B19}
		{0C89160B-F0FF-3B00-A234-9EC8877EDEFF} = {0C89160B-F0FF-3B00-A234-9EC8877EDEFF}
		{AE105776-CAC0-304A-89A3-13174D730095} = {AE105776-CAC0-304A-89A3-13174D730095}
		{282F506C-806C-33EF-884D-3E3E9CA8EE5D} = {282F506C-806C-33EF-884D-3E3E9CA8EE5D}
	EndProjectSection
EndProject
Project("{8BC9CEB8-8B4A-11D0-8D11-00A0C91BC942}") = "opencv_img_hash", "contrib\img_hash\opencv_img_hash.vcxproj", "{42D9FB67-B924-3C35-8EE0-353075B0C9AE}"
	ProjectSection(ProjectDependencies) = postProject
		{A2B6B0A1-0116-3B54-BA2A-2EB40583D0C0} = {A2B6B0A1-0116-3B54-BA2A-2EB40583D0C0}
		{236D9F3A-4D25-3745-A439-0D17D29C4B19} = {236D9F3A-4D25-3745-A439-0D17D29C4B19}
		{AE105776-CAC0-304A-89A3-13174D730095} = {AE105776-CAC0-304A-89A3-13174D730095}
	EndProjectSection
EndProject
Project("{8BC9CEB8-8B4A-11D0-8D11-00A0C91BC942}") = "opencv_imgcodecs", "modules\imgcodecs\opencv_imgcodecs.vcxproj", "{0C89160B-F0FF-3B00-A234-9EC8877EDEFF}"
	ProjectSection(ProjectDependencies) = postProject
		{A2B6B0A1-0116-3B54-BA2A-2EB40583D0C0} = {A2B6B0A1-0116-3B54-BA2A-2EB40583D0C0}
		{62B866CB-7714-3C1A-9252-BCA1F8C1DFBC} = {62B866CB-7714-3C1A-9252-BCA1F8C1DFBC}
		{A14E548A-5288-34A7-9C1C-80B6476605C1} = {A14E548A-5288-34A7-9C1C-80B6476605C1}
		{978D094A-68DD-3BB9-A26D-A1848DD8050A} = {978D094A-68DD-3BB9-A26D-A1848DD8050A}
		{2EFBDC74-2413-3C7F-898C-B7A7DF6DE808} = {2EFBDC74-2413-3C7F-898C-B7A7DF6DE808}
		{220DAAA7-4AD6-30AF-97F5-8873DCF9F38C} = {220DAAA7-4AD6-30AF-97F5-8873DCF9F38C}
		{236D9F3A-4D25-3745-A439-0D17D29C4B19} = {236D9F3A-4D25-3745-A439-0D17D29C4B19}
		{AE105776-CAC0-304A-89A3-13174D730095} = {AE105776-CAC0-304A-89A3-13174D730095}
		{3A04D858-B82E-3A36-8AA0-1CA8EDAF9FE7} = {3A04D858-B82E-3A36-8AA0-1CA8EDAF9FE7}
	EndProjectSection
EndProject
Project("{8BC9CEB8-8B4A-11D0-8D11-00A0C91BC942}") = "opencv_imgproc", "modules\imgproc\opencv_imgproc.vcxproj", "{AE105776-CAC0-304A-89A3-13174D730095}"
	ProjectSection(ProjectDependencies) = postProject
		{A2B6B0A1-0116-3B54-BA2A-2EB40583D0C0} = {A2B6B0A1-0116-3B54-BA2A-2EB40583D0C0}
		{236D9F3A-4D25-3745-A439-0D17D29C4B19} = {236D9F3A-4D25-3745-A439-0D17D29C4B19}
		{3D45B661-409A-342E-A689-92909AB52F9D} = {3D45B661-409A-342E-A689-92909AB52F9D}
		{2AD109D2-BB4D-3B23-A4F8-F6A0B1BEF8AA} = {2AD109D2-BB4D-3B23-A4F8-F6A0B1BEF8AA}
		{15E100A8-6BA6-3744-B601-706183B93310} = {15E100A8-6BA6-3744-B601-706183B93310}
		{B53EA64B-525D-30AE-B9B7-A982321134C0} = {B53EA64B-525D-30AE-B9B7-A982321134C0}
	EndProjectSection
EndProject
Project("{8BC9CEB8-8B4A-11D0-8D11-00A0C91BC942}") = "opencv_imgproc_AVX", "modules\imgproc\opencv_imgproc_AVX.vcxproj", "{3D45B661-409A-342E-A689-92909AB52F9D}"
	ProjectSection(ProjectDependencies) = postProject
		{A2B6B0A1-0116-3B54-BA2A-2EB40583D0C0} = {A2B6B0A1-0116-3B54-BA2A-2EB40583D0C0}
	EndProjectSection
EndProject
Project("{8BC9CEB8-8B4A-11D0-8D11-00A0C91BC942}") = "opencv_imgproc_AVX2", "modules\imgproc\opencv_imgproc_AVX2.vcxproj", "{2AD109D2-BB4D-3B23-A4F8-F6A0B1BEF8AA}"
	ProjectSection(ProjectDependencies) = postProject
		{A2B6B0A1-0116-3B54-BA2A-2EB40583D0C0} = {A2B6B0A1-0116-3B54-BA2A-2EB40583D0C0}
	EndProjectSection
EndProject
Project("{8BC9CEB8-8B4A-11D0-8D11-00A0C91BC942}") = "opencv_imgproc_AVX512_SKX", "modules\imgproc\opencv_imgproc_AVX512_SKX.vcxproj", "{15E100A8-6BA6-3744-B601-706183B93310}"
	ProjectSection(ProjectDependencies) = postProject
		{A2B6B0A1-0116-3B54-BA2A-2EB40583D0C0} = {A2B6B0A1-0116-3B54-BA2A-2EB40583D0C0}
	EndProjectSection
EndProject
Project("{8BC9CEB8-8B4A-11D0-8D11-00A0C91BC942}") = "opencv_imgproc_SSE4_1", "modules\imgproc\opencv_imgproc_SSE4_1.vcxproj", "{B53EA64B-525D-30AE-B9B7-A982321134C0}"
	ProjectSection(ProjectDependencies) = postProject
		{A2B6B0A1-0116-3B54-BA2A-2EB40583D0C0} = {A2B6B0A1-0116-3B54-BA2A-2EB40583D0C0}
	EndProjectSection
EndProject
Project("{8BC9CEB8-8B4A-11D0-8D11-00A0C91BC942}") = "opencv_intensity_transform", "contrib\intensity_transform\opencv_intensity_transform.vcxproj", "{D094F381-AB08-32E9-A816-A669AFB510F4}"
	ProjectSection(ProjectDependencies) = postProject
		{A2B6B0A1-0116-3B54-BA2A-2EB40583D0C0} = {A2B6B0A1-0116-3B54-BA2A-2EB40583D0C0}
		{236D9F3A-4D25-3745-A439-0D17D29C4B19} = {236D9F3A-4D25-3745-A439-0D17D29C4B19}
		{AE105776-CAC0-304A-89A3-13174D730095} = {AE105776-CAC0-304A-89A3-13174D730095}
	EndProjectSection
EndProject
Project("{8BC9CEB8-8B4A-11D0-8D11-00A0C91BC942}") = "opencv_line_descriptor", "contrib\line_descriptor\opencv_line_descriptor.vcxproj", "{256454A6-1F7A-3D4F-95D7-5B0DC9AA9C00}"
	ProjectSection(ProjectDependencies) = postProject
		{A2B6B0A1-0116-3B54-BA2A-2EB40583D0C0} = {A2B6B0A1-0116-3B54-BA2A-2EB40583D0C0}
		{236D9F3A-4D25-3745-A439-0D17D29C4B19} = {236D9F3A-4D25-3745-A439-0D17D29C4B19}
		{25F1F230-8722-3294-9A82-3F5D93073CA7} = {25F1F230-8722-3294-9A82-3F5D93073CA7}
		{0C24BCD0-4390-3055-A2F6-2C8A42C3BC58} = {0C24BCD0-4390-3055-A2F6-2C8A42C3BC58}
		{AE105776-CAC0-304A-89A3-13174D730095} = {AE105776-CAC0-304A-89A3-13174D730095}
	EndProjectSection
EndProject
Project("{8BC9CEB8-8B4A-11D0-8D11-00A0C91BC942}") = "opencv_mcc", "contrib\mcc\opencv_mcc.vcxproj", "{7A7FB347-F04B-397D-8221-55F5A072006D}"
	ProjectSection(ProjectDependencies) = postProject
		{A2B6B0A1-0116-3B54-BA2A-2EB40583D0C0} = {A2B6B0A1-0116-3B54-BA2A-2EB40583D0C0}
		{9F4C872A-07C5-34F4-97A1-A6FD09C48232} = {9F4C872A-07C5-34F4-97A1-A6FD09C48232}
		{236D9F3A-4D25-3745-A439-0D17D29C4B19} = {236D9F3A-4D25-3745-A439-0D17D29C4B19}
		{773D86A9-7F17-3DC3-8E3E-B3D3AF1688C0} = {773D86A9-7F17-3DC3-8E3E-B3D3AF1688C0}
		{25F1F230-8722-3294-9A82-3F5D93073CA7} = {25F1F230-8722-3294-9A82-3F5D93073CA7}
		{0C24BCD0-4390-3055-A2F6-2C8A42C3BC58} = {0C24BCD0-4390-3055-A2F6-2C8A42C3BC58}
		{AE105776-CAC0-304A-89A3-13174D730095} = {AE105776-CAC0-304A-89A3-13174D730095}
	EndProjectSection
EndProject
Project("{8BC9CEB8-8B4A-11D0-8D11-00A0C91BC942}") = "opencv_ml", "modules\ml\opencv_ml.vcxproj", "{39C3E051-8DFF-3A8A-B56B-C768951D31C2}"
	ProjectSection(ProjectDependencies) = postProject
		{A2B6B0A1-0116-3B54-BA2A-2EB40583D0C0} = {A2B6B0A1-0116-3B54-BA2A-2EB40583D0C0}
		{236D9F3A-4D25-3745-A439-0D17D29C4B19} = {236D9F3A-4D25-3745-A439-0D17D29C4B19}
	EndProjectSection
EndProject
Project("{8BC9CEB8-8B4A-11D0-8D11-00A0C91BC942}") = "opencv_modules", "opencv_modules.vcxproj", "{53AE261C-B7A6-30BF-AD5B-7197A1E6B3DC}"
	ProjectSection(ProjectDependencies) = postProject
		{A2B6B0A1-0116-3B54-BA2A-2EB40583D0C0} = {A2B6B0A1-0116-3B54-BA2A-2EB40583D0C0}
		{EEFE6921-9F76-3EDC-BE4D-64B9FC7B7474} = {EEFE6921-9F76-3EDC-BE4D-64B9FC7B7474}
		{89A5C56D-FEFE-37F2-BE88-9357D332B47F} = {89A5C56D-FEFE-37F2-BE88-9357D332B47F}
		{2138D463-2D5B-39FB-8768-19D36E11CC89} = {2138D463-2D5B-39FB-8768-19D36E11CC89}
		{9F4C872A-07C5-34F4-97A1-A6FD09C48232} = {9F4C872A-07C5-34F4-97A1-A6FD09C48232}
		{1F5F8394-FA39-3378-A57A-6BC5F8B76CFC} = {1F5F8394-FA39-3378-A57A-6BC5F8B76CFC}
		{236D9F3A-4D25-3745-A439-0D17D29C4B19} = {236D9F3A-4D25-3745-A439-0D17D29C4B19}
		{D1C15069-B8C2-3794-A383-1473E2C09FC2} = {D1C15069-B8C2-3794-A383-1473E2C09FC2}
		{773D86A9-7F17-3DC3-8E3E-B3D3AF1688C0} = {773D86A9-7F17-3DC3-8E3E-B3D3AF1688C0}
		{1CB47CD8-CE01-33A1-883C-892116523CB7} = {1CB47CD8-CE01-33A1-883C-892116523CB7}
		{B332A878-3F80-3051-B2BE-D10109221D8F} = {B332A878-3F80-3051-B2BE-D10109221D8F}
		{2BE4809C-4F8E-3741-A9DC-BB9D34EE5780} = {2BE4809C-4F8E-3741-A9DC-BB9D34EE5780}
		{763BECA9-0785-31A2-851F-F6F1465D4C56} = {763BECA9-0785-31A2-851F-F6F1465D4C56}
		{25F1F230-8722-3294-9A82-3F5D93073CA7} = {25F1F230-8722-3294-9A82-3F5D93073CA7}
		{0C24BCD0-4390-3055-A2F6-2C8A42C3BC58} = {0C24BCD0-4390-3055-A2F6-2C8A42C3BC58}
		{65FC7599-4461-3D4B-A4CA-650D6394E5DC} = {65FC7599-4461-3D4B-A4CA-650D6394E5DC}
		{2F0D42A7-7621-307F-8722-340D150E686B} = {2F0D42A7-7621-307F-8722-340D150E686B}
		{A232D01B-8121-365E-B21E-380119B4A2F8} = {A232D01B-8121-365E-B21E-380119B4A2F8}
		{42D9FB67-B924-3C35-8EE0-353075B0C9AE} = {42D9FB67-B924-3C35-8EE0-353075B0C9AE}
		{0C89160B-F0FF-3B00-A234-9EC8877EDEFF} = {0C89160B-F0FF-3B00-A234-9EC8877EDEFF}
		{AE105776-CAC0-304A-89A3-13174D730095} = {AE105776-CAC0-304A-89A3-13174D730095}
		{D094F381-AB08-32E9-A816-A669AFB510F4} = {D094F381-AB08-32E9-A816-A669AFB510F4}
		{256454A6-1F7A-3D4F-95D7-5B0DC9AA9C00} = {256454A6-1F7A-3D4F-95D7-5B0DC9AA9C00}
		{7A7FB347-F04B-397D-8221-55F5A072006D} = {7A7FB347-F04B-397D-8221-55F5A072006D}
		{39C3E051-8DFF-3A8A-B56B-C768951D31C2} = {39C3E051-8DFF-3A8A-B56B-C768951D31C2}
		{0EE710F9-7C5C-3DEF-8921-4C0657DCDE49} = {0EE710F9-7C5C-3DEF-8921-4C0657DCDE49}
		{F8EF810B-A436-3256-8716-9BC664683E4A} = {F8EF810B-A436-3256-8716-9BC664683E4A}
		{FA6959E6-0167-3A1F-9174-C823574CB1D8} = {FA6959E6-0167-3A1F-9174-C823574CB1D8}
		{11BB04C8-ACA5-3881-8ECD-F1D400D3824E} = {11BB04C8-ACA5-3881-8ECD-F1D400D3824E}
		{7E8A8F24-BD32-3B6C-9416-BA4D4615023D} = {7E8A8F24-BD32-3B6C-9416-BA4D4615023D}
		{A2DD7FDD-5F87-3DF6-8056-28ECB89FB326} = {A2DD7FDD-5F87-3DF6-8056-28ECB89FB326}
		{4139AE53-C30E-3D76-ABB9-BEA89B680057} = {4139AE53-C30E-3D76-ABB9-BEA89B680057}
		{BBAC4A66-ABE6-3EBB-9C30-A266CE52C377} = {BBAC4A66-ABE6-3EBB-9C30-A266CE52C377}
		{DDDDE8A2-92AF-39C1-B869-EFF49A3935C9} = {DDDDE8A2-92AF-39C1-B869-EFF49A3935C9}
		{B5CD1C3B-90BD-3552-99E6-B266FFD31956} = {B5CD1C3B-90BD-3552-99E6-B266FFD31956}
		{60659D09-FEA3-37CE-BC08-689D67984FA0} = {60659D09-FEA3-37CE-BC08-689D67984FA0}
		{311CAB1F-407A-310E-8F09-385A47BA4D01} = {311CAB1F-407A-310E-8F09-385A47BA4D01}
		{3881D659-B347-31FA-A273-592289C2DB71} = {3881D659-B347-31FA-A273-592289C2DB71}
		{2363B65B-1F0C-348B-93DA-AAEB006CD32E} = {2363B65B-1F0C-348B-93DA-AAEB006CD32E}
		{15701590-D343-30A1-82C5-AFA270C289BA} = {15701590-D343-30A1-82C5-AFA270C289BA}
		{325FFAE1-DAC8-3CF1-A0ED-DC4CF0C80768} = {325FFAE1-DAC8-3CF1-A0ED-DC4CF0C80768}
		{320D0373-40C4-35AC-8C75-401C4E48A889} = {320D0373-40C4-35AC-8C75-401C4E48A889}
		{1B0079EE-5BE8-31D7-B120-0F5E37BEB424} = {1B0079EE-5BE8-31D7-B120-0F5E37BEB424}
		{C9F72501-E78A-3D44-8F30-3B549E9AE41F} = {C9F72501-E78A-3D44-8F30-3B549E9AE41F}
		{C7B12197-80DA-3FC4-9EAA-4EF3318CE198} = {C7B12197-80DA-3FC4-9EAA-4EF3318CE198}
		{282F506C-806C-33EF-884D-3E3E9CA8EE5D} = {282F506C-806C-33EF-884D-3E3E9CA8EE5D}
		{8F05A614-76CD-35FE-B1C2-51DEC93243D6} = {8F05A614-76CD-35FE-B1C2-51DEC93243D6}
		{51A55CFC-30A7-325F-B415-57CC03CC1F26} = {51A55CFC-30A7-325F-B415-57CC03CC1F26}
		{A497379D-DF46-3CBF-996E-BDBA6D69D052} = {A497379D-DF46-3CBF-996E-BDBA6D69D052}
		{11D3B6C4-F526-3E17-A210-B60F39448D0D} = {11D3B6C4-F526-3E17-A210-B60F39448D0D}
		{E93F04C6-E5AB-3561-915E-C9C94B9C336E} = {E93F04C6-E5AB-3561-915E-C9C94B9C336E}
	EndProjectSection
EndProject
Project("{8BC9CEB8-8B4A-11D0-8D11-00A0C91BC942}") = "opencv_objdetect", "modules\objdetect\opencv_objdetect.vcxproj", "{0EE710F9-7C5C-3DEF-8921-4C0657DCDE49}"
	ProjectSection(ProjectDependencies) = postProject
		{A2B6B0A1-0116-3B54-BA2A-2EB40583D0C0} = {A2B6B0A1-0116-3B54-BA2A-2EB40583D0C0}
		{9F4C872A-07C5-34F4-97A1-A6FD09C48232} = {9F4C872A-07C5-34F4-97A1-A6FD09C48232}
		{236D9F3A-4D25-3745-A439-0D17D29C4B19} = {236D9F3A-4D25-3745-A439-0D17D29C4B19}
		{773D86A9-7F17-3DC3-8E3E-B3D3AF1688C0} = {773D86A9-7F17-3DC3-8E3E-B3D3AF1688C0}
		{25F1F230-8722-3294-9A82-3F5D93073CA7} = {25F1F230-8722-3294-9A82-3F5D93073CA7}
		{0C24BCD0-4390-3055-A2F6-2C8A42C3BC58} = {0C24BCD0-4390-3055-A2F6-2C8A42C3BC58}
		{AE105776-CAC0-304A-89A3-13174D730095} = {AE105776-CAC0-304A-89A3-13174D730095}
	EndProjectSection
EndProject
Project("{8BC9CEB8-8B4A-11D0-8D11-00A0C91BC942}") = "opencv_optflow", "contrib\optflow\opencv_optflow.vcxproj", "{F8EF810B-A436-3256-8716-9BC664683E4A}"
	ProjectSection(ProjectDependencies) = postProject
		{A2B6B0A1-0116-3B54-BA2A-2EB40583D0C0} = {A2B6B0A1-0116-3B54-BA2A-2EB40583D0C0}
		{9F4C872A-07C5-34F4-97A1-A6FD09C48232} = {9F4C872A-07C5-34F4-97A1-A6FD09C48232}
		{236D9F3A-4D25-3745-A439-0D17D29C4B19} = {236D9F3A-4D25-3745-A439-0D17D29C4B19}
		{773D86A9-7F17-3DC3-8E3E-B3D3AF1688C0} = {773D86A9-7F17-3DC3-8E3E-B3D3AF1688C0}
		{25F1F230-8722-3294-9A82-3F5D93073CA7} = {25F1F230-8722-3294-9A82-3F5D93073CA7}
		{0C24BCD0-4390-3055-A2F6-2C8A42C3BC58} = {0C24BCD0-4390-3055-A2F6-2C8A42C3BC58}
		{0C89160B-F0FF-3B00-A234-9EC8877EDEFF} = {0C89160B-F0FF-3B00-A234-9EC8877EDEFF}
		{AE105776-CAC0-304A-89A3-13174D730095} = {AE105776-CAC0-304A-89A3-13174D730095}
		{C7B12197-80DA-3FC4-9EAA-4EF3318CE198} = {C7B12197-80DA-3FC4-9EAA-4EF3318CE198}
		{A497379D-DF46-3CBF-996E-BDBA6D69D052} = {A497379D-DF46-3CBF-996E-BDBA6D69D052}
	EndProjectSection
EndProject
Project("{8BC9CEB8-8B4A-11D0-8D11-00A0C91BC942}") = "opencv_phase_unwrapping", "contrib\phase_unwrapping\opencv_phase_unwrapping.vcxproj", "{FA6959E6-0167-3A1F-9174-C823574CB1D8}"
	ProjectSection(ProjectDependencies) = postProject
		{A2B6B0A1-0116-3B54-BA2A-2EB40583D0C0} = {A2B6B0A1-0116-3B54-BA2A-2EB40583D0C0}
		{236D9F3A-4D25-3745-A439-0D17D29C4B19} = {236D9F3A-4D25-3745-A439-0D17D29C4B19}
		{AE105776-CAC0-304A-89A3-13174D730095} = {AE105776-CAC0-304A-89A3-13174D730095}
	EndProjectSection
EndProject
Project("{8BC9CEB8-8B4A-11D0-8D11-00A0C91BC942}") = "opencv_photo", "modules\photo\opencv_photo.vcxproj", "{11BB04C8-ACA5-3881-8ECD-F1D400D3824E}"
	ProjectSection(ProjectDependencies) = postProject
		{A2B6B0A1-0116-3B54-BA2A-2EB40583D0C0} = {A2B6B0A1-0116-3B54-BA2A-2EB40583D0C0}
		{236D9F3A-4D25-3745-A439-0D17D29C4B19} = {236D9F3A-4D25-3745-A439-0D17D29C4B19}
		{AE105776-CAC0-304A-89A3-13174D730095} = {AE105776-CAC0-304A-89A3-13174D730095}
	EndProjectSection
EndProject
Project("{8BC9CEB8-8B4A-11D0-8D11-00A0C91BC942}") = "opencv_plot", "contrib\plot\opencv_plot.vcxproj", "{7E8A8F24-BD32-3B6C-9416-BA4D4615023D}"
	ProjectSection(ProjectDependencies) = postProject
		{A2B6B0A1-0116-3B54-BA2A-2EB40583D0C0} = {A2B6B0A1-0116-3B54-BA2A-2EB40583D0C0}
		{236D9F3A-4D25-3745-A439-0D17D29C4B19} = {236D9F3A-4D25-3745-A439-0D17D29C4B19}
		{AE105776-CAC0-304A-89A3-13174D730095} = {AE105776-CAC0-304A-89A3-13174D730095}
	EndProjectSection
EndProject
Project("{8BC9CEB8-8B4A-11D0-8D11-00A0C91BC942}") = "opencv_quality", "contrib\quality\opencv_quality.vcxproj", "{A2DD7FDD-5F87-3DF6-8056-28ECB89FB326}"
	ProjectSection(ProjectDependencies) = postProject
		{A2B6B0A1-0116-3B54-BA2A-2EB40583D0C0} = {A2B6B0A1-0116-3B54-BA2A-2EB40583D0C0}
		{236D9F3A-4D25-3745-A439-0D17D29C4B19} = {236D9F3A-4D25-3745-A439-0D17D29C4B19}
		{AE105776-CAC0-304A-89A3-13174D730095} = {AE105776-CAC0-304A-89A3-13174D730095}
		{39C3E051-8DFF-3A8A-B56B-C768951D31C2} = {39C3E051-8DFF-3A8A-B56B-C768951D31C2}
	EndProjectSection
EndProject
Project("{8BC9CEB8-8B4A-11D0-8D11-00A0C91BC942}") = "opencv_rapid", "contrib\rapid\opencv_rapid.vcxproj", "{4139AE53-C30E-3D76-ABB9-BEA89B680057}"
	ProjectSection(ProjectDependencies) = postProject
		{A2B6B0A1-0116-3B54-BA2A-2EB40583D0C0} = {A2B6B0A1-0116-3B54-BA2A-2EB40583D0C0}
		{9F4C872A-07C5-34F4-97A1-A6FD09C48232} = {9F4C872A-07C5-34F4-97A1-A6FD09C48232}
		{236D9F3A-4D25-3745-A439-0D17D29C4B19} = {236D9F3A-4D25-3745-A439-0D17D29C4B19}
		{25F1F230-8722-3294-9A82-3F5D93073CA7} = {25F1F230-8722-3294-9A82-3F5D93073CA7}
		{0C24BCD0-4390-3055-A2F6-2C8A42C3BC58} = {0C24BCD0-4390-3055-A2F6-2C8A42C3BC58}
		{AE105776-CAC0-304A-89A3-13174D730095} = {AE105776-CAC0-304A-89A3-13174D730095}
	EndProjectSection
EndProject
Project("{8BC9CEB8-8B4A-11D0-8D11-00A0C91BC942}") = "opencv_reg", "contrib\reg\opencv_reg.vcxproj", "{BBAC4A66-ABE6-3EBB-9C30-A266CE52C377}"
	ProjectSection(ProjectDependencies) = postProject
		{A2B6B0A1-0116-3B54-BA2A-2EB40583D0C0} = {A2B6B0A1-0116-3B54-BA2A-2EB40583D0C0}
		{236D9F3A-4D25-3745-A439-0D17D29C4B19} = {236D9F3A-4D25-3745-A439-0D17D29C4B19}
		{AE105776-CAC0-304A-89A3-13174D730095} = {AE105776-CAC0-304A-89A3-13174D730095}
	EndProjectSection
EndProject
Project("{8BC9CEB8-8B4A-11D0-8D11-00A0C91BC942}") = "opencv_rgbd", "contrib\rgbd\opencv_rgbd.vcxproj", "{DDDDE8A2-92AF-39C1-B869-EFF49A3935C9}"
	ProjectSection(ProjectDependencies) = postProject
		{A2B6B0A1-0116-3B54-BA2A-2EB40583D0C0} = {A2B6B0A1-0116-3B54-BA2A-2EB40583D0C0}
		{9F4C872A-07C5-34F4-97A1-A6FD09C48232} = {9F4C872A-07C5-34F4-97A1-A6FD09C48232}
		{236D9F3A-4D25-3745-A439-0D17D29C4B19} = {236D9F3A-4D25-3745-A439-0D17D29C4B19}
		{25F1F230-8722-3294-9A82-3F5D93073CA7} = {25F1F230-8722-3294-9A82-3F5D93073CA7}
		{0C24BCD0-4390-3055-A2F6-2C8A42C3BC58} = {0C24BCD0-4390-3055-A2F6-2C8A42C3BC58}
		{AE105776-CAC0-304A-89A3-13174D730095} = {AE105776-CAC0-304A-89A3-13174D730095}
	EndProjectSection
EndProject
Project("{8BC9CEB8-8B4A-11D0-8D11-00A0C91BC942}") = "opencv_saliency", "contrib\saliency\opencv_saliency.vcxproj", "{B5CD1C3B-90BD-3552-99E6-B266FFD31956}"
	ProjectSection(ProjectDependencies) = postProject
		{A2B6B0A1-0116-3B54-BA2A-2EB40583D0C0} = {A2B6B0A1-0116-3B54-BA2A-2EB40583D0C0}
		{236D9F3A-4D25-3745-A439-0D17D29C4B19} = {236D9F3A-4D25-3745-A439-0D17D29C4B19}
		{25F1F230-8722-3294-9A82-3F5D93073CA7} = {25F1F230-8722-3294-9A82-3F5D93073CA7}
		{0C24BCD0-4390-3055-A2F6-2C8A42C3BC58} = {0C24BCD0-4390-3055-A2F6-2C8A42C3BC58}
		{AE105776-CAC0-304A-89A3-13174D730095} = {AE105776-CAC0-304A-89A3-13174D730095}
	EndProjectSection
EndProject
Project("{8BC9CEB8-8B4A-11D0-8D11-00A0C91BC942}") = "opencv_samples", "opencv_samples.vcxproj", "{213A7241-BCB4-34C3-825C-F25DF5C66F5F}"
	ProjectSection(ProjectDependencies) = postProject
		{A2B6B0A1-0116-3B54-BA2A-2EB40583D0C0} = {A2B6B0A1-0116-3B54-BA2A-2EB40583D0C0}
	EndProjectSection
EndProject
Project("{8BC9CEB8-8B4A-11D0-8D11-00A0C91BC942}") = "opencv_shape", "contrib\shape\opencv_shape.vcxproj", "{60659D09-FEA3-37CE-BC08-689D67984FA0}"
	ProjectSection(ProjectDependencies) = postProject
		{A2B6B0A1-0116-3B54-BA2A-2EB40583D0C0} = {A2B6B0A1-0116-3B54-BA2A-2EB40583D0C0}
		{9F4C872A-07C5-34F4-97A1-A6FD09C48232} = {9F4C872A-07C5-34F4-97A1-A6FD09C48232}
		{236D9F3A-4D25-3745-A439-0D17D29C4B19} = {236D9F3A-4D25-3745-A439-0D17D29C4B19}
		{25F1F230-8722-3294-9A82-3F5D93073CA7} = {25F1F230-8722-3294-9A82-3F5D93073CA7}
		{0C24BCD0-4390-3055-A2F6-2C8A42C3BC58} = {0C24BCD0-4390-3055-A2F6-2C8A42C3BC58}
		{AE105776-CAC0-304A-89A3-13174D730095} = {AE105776-CAC0-304A-89A3-13174D730095}
	EndProjectSection
EndProject
Project("{8BC9CEB8-8B4A-11D0-8D11-00A0C91BC942}") = "opencv_stereo", "contrib\stereo\opencv_stereo.vcxproj", "{311CAB1F-407A-310E-8F09-385A47BA4D01}"
	ProjectSection(ProjectDependencies) = postProject
		{A2B6B0A1-0116-3B54-BA2A-2EB40583D0C0} = {A2B6B0A1-0116-3B54-BA2A-2EB40583D0C0}
		{9F4C872A-07C5-34F4-97A1-A6FD09C48232} = {9F4C872A-07C5-34F4-97A1-A6FD09C48232}
		{236D9F3A-4D25-3745-A439-0D17D29C4B19} = {236D9F3A-4D25-3745-A439-0D17D29C4B19}
		{D1C15069-B8C2-3794-A383-1473E2C09FC2} = {D1C15069-B8C2-3794-A383-1473E2C09FC2}
		{773D86A9-7F17-3DC3-8E3E-B3D3AF1688C0} = {773D86A9-7F17-3DC3-8E3E-B3D3AF1688C0}
		{25F1F230-8722-3294-9A82-3F5D93073CA7} = {25F1F230-8722-3294-9A82-3F5D93073CA7}
		{0C24BCD0-4390-3055-A2F6-2C8A42C3BC58} = {0C24BCD0-4390-3055-A2F6-2C8A42C3BC58}
		{A232D01B-8121-365E-B21E-380119B4A2F8} = {A232D01B-8121-365E-B21E-380119B4A2F8}
		{0C89160B-F0FF-3B00-A234-9EC8877EDEFF} = {0C89160B-F0FF-3B00-A234-9EC8877EDEFF}
		{AE105776-CAC0-304A-89A3-13174D730095} = {AE105776-CAC0-304A-89A3-13174D730095}
		{39C3E051-8DFF-3A8A-B56B-C768951D31C2} = {39C3E051-8DFF-3A8A-B56B-C768951D31C2}
		{7E8A8F24-BD32-3B6C-9416-BA4D4615023D} = {7E8A8F24-BD32-3B6C-9416-BA4D4615023D}
		{320D0373-40C4-35AC-8C75-401C4E48A889} = {320D0373-40C4-35AC-8C75-401C4E48A889}
		{1B0079EE-5BE8-31D7-B120-0F5E37BEB424} = {1B0079EE-5BE8-31D7-B120-0F5E37BEB424}
		{C7B12197-80DA-3FC4-9EAA-4EF3318CE198} = {C7B12197-80DA-3FC4-9EAA-4EF3318CE198}
		{282F506C-806C-33EF-884D-3E3E9CA8EE5D} = {282F506C-806C-33EF-884D-3E3E9CA8EE5D}
	EndProjectSection
EndProject
Project("{8BC9CEB8-8B4A-11D0-8D11-00A0C91BC942}") = "opencv_stitching", "modules\stitching\opencv_stitching.vcxproj", "{3881D659-B347-31FA-A273-592289C2DB71}"
	ProjectSection(ProjectDependencies) = postProject
		{A2B6B0A1-0116-3B54-BA2A-2EB40583D0C0} = {A2B6B0A1-0116-3B54-BA2A-2EB40583D0C0}
		{9F4C872A-07C5-34F4-97A1-A6FD09C48232} = {9F4C872A-07C5-34F4-97A1-A6FD09C48232}
		{236D9F3A-4D25-3745-A439-0D17D29C4B19} = {236D9F3A-4D25-3745-A439-0D17D29C4B19}
		{25F1F230-8722-3294-9A82-3F5D93073CA7} = {25F1F230-8722-3294-9A82-3F5D93073CA7}
		{0C24BCD0-4390-3055-A2F6-2C8A42C3BC58} = {0C24BCD0-4390-3055-A2F6-2C8A42C3BC58}
		{AE105776-CAC0-304A-89A3-13174D730095} = {AE105776-CAC0-304A-89A3-13174D730095}
		{39C3E051-8DFF-3A8A-B56B-C768951D31C2} = {39C3E051-8DFF-3A8A-B56B-C768951D31C2}
		{60659D09-FEA3-37CE-BC08-689D67984FA0} = {60659D09-FEA3-37CE-BC08-689D67984FA0}
		{51A55CFC-30A7-325F-B415-57CC03CC1F26} = {51A55CFC-30A7-325F-B415-57CC03CC1F26}
	EndProjectSection
EndProject
Project("{8BC9CEB8-8B4A-11D0-8D11-00A0C91BC942}") = "opencv_structured_light", "contrib\structured_light\opencv_structured_light.vcxproj", "{2363B65B-1F0C-348B-93DA-AAEB006CD32E}"
	ProjectSection(ProjectDependencies) = postProject
		{A2B6B0A1-0116-3B54-BA2A-2EB40583D0C0} = {A2B6B0A1-0116-3B54-BA2A-2EB40583D0C0}
		{9F4C872A-07C5-34F4-97A1-A6FD09C48232} = {9F4C872A-07C5-34F4-97A1-A6FD09C48232}
		{236D9F3A-4D25-3745-A439-0D17D29C4B19} = {236D9F3A-4D25-3745-A439-0D17D29C4B19}
		{25F1F230-8722-3294-9A82-3F5D93073CA7} = {25F1F230-8722-3294-9A82-3F5D93073CA7}
		{0C24BCD0-4390-3055-A2F6-2C8A42C3BC58} = {0C24BCD0-4390-3055-A2F6-2C8A42C3BC58}
		{AE105776-CAC0-304A-89A3-13174D730095} = {AE105776-CAC0-304A-89A3-13174D730095}
		{FA6959E6-0167-3A1F-9174-C823574CB1D8} = {FA6959E6-0167-3A1F-9174-C823574CB1D8}
	EndProjectSection
EndProject
Project("{8BC9CEB8-8B4A-11D0-8D11-00A0C91BC942}") = "opencv_superres", "contrib\superres\opencv_superres.vcxproj", "{15701590-D343-30A1-82C5-AFA270C289BA}"
	ProjectSection(ProjectDependencies) = postProject
		{A2B6B0A1-0116-3B54-BA2A-2EB40583D0C0} = {A2B6B0A1-0116-3B54-BA2A-2EB40583D0C0}
		{9F4C872A-07C5-34F4-97A1-A6FD09C48232} = {9F4C872A-07C5-34F4-97A1-A6FD09C48232}
		{236D9F3A-4D25-3745-A439-0D17D29C4B19} = {236D9F3A-4D25-3745-A439-0D17D29C4B19}
		{773D86A9-7F17-3DC3-8E3E-B3D3AF1688C0} = {773D86A9-7F17-3DC3-8E3E-B3D3AF1688C0}
		{25F1F230-8722-3294-9A82-3F5D93073CA7} = {25F1F230-8722-3294-9A82-3F5D93073CA7}
		{0C24BCD0-4390-3055-A2F6-2C8A42C3BC58} = {0C24BCD0-4390-3055-A2F6-2C8A42C3BC58}
		{0C89160B-F0FF-3B00-A234-9EC8877EDEFF} = {0C89160B-F0FF-3B00-A234-9EC8877EDEFF}
		{AE105776-CAC0-304A-89A3-13174D730095} = {AE105776-CAC0-304A-89A3-13174D730095}
		{F8EF810B-A436-3256-8716-9BC664683E4A} = {F8EF810B-A436-3256-8716-9BC664683E4A}
		{C7B12197-80DA-3FC4-9EAA-4EF3318CE198} = {C7B12197-80DA-3FC4-9EAA-4EF3318CE198}
		{282F506C-806C-33EF-884D-3E3E9CA8EE5D} = {282F506C-806C-33EF-884D-3E3E9CA8EE5D}
		{A497379D-DF46-3CBF-996E-BDBA6D69D052} = {A497379D-DF46-3CBF-996E-BDBA6D69D052}
	EndProjectSection
EndProject
Project("{8BC9CEB8-8B4A-11D0-8D11-00A0C91BC942}") = "opencv_surface_matching", "contrib\surface_matching\opencv_surface_matching.vcxproj", "{325FFAE1-DAC8-3CF1-A0ED-DC4CF0C80768}"
	ProjectSection(ProjectDependencies) = postProject
		{A2B6B0A1-0116-3B54-BA2A-2EB40583D0C0} = {A2B6B0A1-0116-3B54-BA2A-2EB40583D0C0}
		{236D9F3A-4D25-3745-A439-0D17D29C4B19} = {236D9F3A-4D25-3745-A439-0D17D29C4B19}
		{0C24BCD0-4390-3055-A2F6-2C8A42C3BC58} = {0C24BCD0-4390-3055-A2F6-2C8A42C3BC58}
	EndProjectSection
EndProject
Project("{8BC9CEB8-8B4A-11D0-8D11-00A0C91BC942}") = "opencv_text", "contrib\text\opencv_text.vcxproj", "{320D0373-40C4-35AC-8C75-401C4E48A889}"
	ProjectSection(ProjectDependencies) = postProject
		{A2B6B0A1-0116-3B54-BA2A-2EB40583D0C0} = {A2B6B0A1-0116-3B54-BA2A-2EB40583D0C0}
		{236D9F3A-4D25-3745-A439-0D17D29C4B19} = {236D9F3A-4D25-3745-A439-0D17D29C4B19}
		{773D86A9-7F17-3DC3-8E3E-B3D3AF1688C0} = {773D86A9-7F17-3DC3-8E3E-B3D3AF1688C0}
		{25F1F230-8722-3294-9A82-3F5D93073CA7} = {25F1F230-8722-3294-9A82-3F5D93073CA7}
		{0C24BCD0-4390-3055-A2F6-2C8A42C3BC58} = {0C24BCD0-4390-3055-A2F6-2C8A42C3BC58}
		{AE105776-CAC0-304A-89A3-13174D730095} = {AE105776-CAC0-304A-89A3-13174D730095}
		{39C3E051-8DFF-3A8A-B56B-C768951D31C2} = {39C3E051-8DFF-3A8A-B56B-C768951D31C2}
	EndProjectSection
EndProject
Project("{8BC9CEB8-8B4A-11D0-8D11-00A0C91BC942}") = "opencv_tracking", "contrib\tracking\opencv_tracking.vcxproj", "{1B0079EE-5BE8-31D7-B120-0F5E37BEB424}"
	ProjectSection(ProjectDependencies) = postProject
		{A2B6B0A1-0116-3B54-BA2A-2EB40583D0C0} = {A2B6B0A1-0116-3B54-BA2A-2EB40583D0C0}
		{9F4C872A-07C5-34F4-97A1-A6FD09C48232} = {9F4C872A-07C5-34F4-97A1-A6FD09C48232}
		{236D9F3A-4D25-3745-A439-0D17D29C4B19} = {236D9F3A-4D25-3745-A439-0D17D29C4B19}
		{D1C15069-B8C2-3794-A383-1473E2C09FC2} = {D1C15069-B8C2-3794-A383-1473E2C09FC2}
		{773D86A9-7F17-3DC3-8E3E-B3D3AF1688C0} = {773D86A9-7F17-3DC3-8E3E-B3D3AF1688C0}
		{25F1F230-8722-3294-9A82-3F5D93073CA7} = {25F1F230-8722-3294-9A82-3F5D93073CA7}
		{0C24BCD0-4390-3055-A2F6-2C8A42C3BC58} = {0C24BCD0-4390-3055-A2F6-2C8A42C3BC58}
		{A232D01B-8121-365E-B21E-380119B4A2F8} = {A232D01B-8121-365E-B21E-380119B4A2F8}
		{0C89160B-F0FF-3B00-A234-9EC8877EDEFF} = {0C89160B-F0FF-3B00-A234-9EC8877EDEFF}
		{AE105776-CAC0-304A-89A3-13174D730095} = {AE105776-CAC0-304A-89A3-13174D730095}
		{39C3E051-8DFF-3A8A-B56B-C768951D31C2} = {39C3E051-8DFF-3A8A-B56B-C768951D31C2}
		{7E8A8F24-BD32-3B6C-9416-BA4D4615023D} = {7E8A8F24-BD32-3B6C-9416-BA4D4615023D}
		{320D0373-40C4-35AC-8C75-401C4E48A889} = {320D0373-40C4-35AC-8C75-401C4E48A889}
		{C7B12197-80DA-3FC4-9EAA-4EF3318CE198} = {C7B12197-80DA-3FC4-9EAA-4EF3318CE198}
		{282F506C-806C-33EF-884D-3E3E9CA8EE5D} = {282F506C-806C-33EF-884D-3E3E9CA8EE5D}
	EndProjectSection
EndProject
Project("{8BC9CEB8-8B4A-11D0-8D11-00A0C91BC942}") = "opencv_ts", "modules\ts\opencv_ts.vcxproj", "{C9F72501-E78A-3D44-8F30-3B549E9AE41F}"
	ProjectSection(ProjectDependencies) = postProject
		{A2B6B0A1-0116-3B54-BA2A-2EB40583D0C0} = {A2B6B0A1-0116-3B54-BA2A-2EB40583D0C0}
		{236D9F3A-4D25-3745-A439-0D17D29C4B19} = {236D9F3A-4D25-3745-A439-0D17D29C4B19}
		{A232D01B-8121-365E-B21E-380119B4A2F8} = {A232D01B-8121-365E-B21E-380119B4A2F8}
		{0C89160B-F0FF-3B00-A234-9EC8877EDEFF} = {0C89160B-F0FF-3B00-A234-9EC8877EDEFF}
		{AE105776-CAC0-304A-89A3-13174D730095} = {AE105776-CAC0-304A-89A3-13174D730095}
		{282F506C-806C-33EF-884D-3E3E9CA8EE5D} = {282F506C-806C-33EF-884D-3E3E9CA8EE5D}
	EndProjectSection
EndProject
Project("{8BC9CEB8-8B4A-11D0-8D11-00A0C91BC942}") = "opencv_video", "modules\video\opencv_video.vcxproj", "{C7B12197-80DA-3FC4-9EAA-4EF3318CE198}"
	ProjectSection(ProjectDependencies) = postProject
		{A2B6B0A1-0116-3B54-BA2A-2EB40583D0C0} = {A2B6B0A1-0116-3B54-BA2A-2EB40583D0C0}
		{9F4C872A-07C5-34F4-97A1-A6FD09C48232} = {9F4C872A-07C5-34F4-97A1-A6FD09C48232}
		{236D9F3A-4D25-3745-A439-0D17D29C4B19} = {236D9F3A-4D25-3745-A439-0D17D29C4B19}
		{773D86A9-7F17-3DC3-8E3E-B3D3AF1688C0} = {773D86A9-7F17-3DC3-8E3E-B3D3AF1688C0}
		{25F1F230-8722-3294-9A82-3F5D93073CA7} = {25F1F230-8722-3294-9A82-3F5D93073CA7}
		{0C24BCD0-4390-3055-A2F6-2C8A42C3BC58} = {0C24BCD0-4390-3055-A2F6-2C8A42C3BC58}
		{AE105776-CAC0-304A-89A3-13174D730095} = {AE105776-CAC0-304A-89A3-13174D730095}
	EndProjectSection
EndProject
Project("{8BC9CEB8-8B4A-11D0-8D11-00A0C91BC942}") = "opencv_videoio", "modules\videoio\opencv_videoio.vcxproj", "{282F506C-806C-33EF-884D-3E3E9CA8EE5D}"
	ProjectSection(ProjectDependencies) = postProject
		{A2B6B0A1-0116-3B54-BA2A-2EB40583D0C0} = {A2B6B0A1-0116-3B54-BA2A-2EB40583D0C0}
		{236D9F3A-4D25-3745-A439-0D17D29C4B19} = {236D9F3A-4D25-3745-A439-0D17D29C4B19}
		{0C89160B-F0FF-3B00-A234-9EC8877EDEFF} = {0C89160B-F0FF-3B00-A234-9EC8877EDEFF}
		{AE105776-CAC0-304A-89A3-13174D730095} = {AE105776-CAC0-304A-89A3-13174D730095}
	EndProjectSection
EndProject
Project("{8BC9CEB8-8B4A-11D0-8D11-00A0C91BC942}") = "opencv_videostab", "contrib\videostab\opencv_videostab.vcxproj", "{8F05A614-76CD-35FE-B1C2-51DEC93243D6}"
	ProjectSection(ProjectDependencies) = postProject
		{A2B6B0A1-0116-3B54-BA2A-2EB40583D0C0} = {A2B6B0A1-0116-3B54-BA2A-2EB40583D0C0}
		{9F4C872A-07C5-34F4-97A1-A6FD09C48232} = {9F4C872A-07C5-34F4-97A1-A6FD09C48232}
		{236D9F3A-4D25-3745-A439-0D17D29C4B19} = {236D9F3A-4D25-3745-A439-0D17D29C4B19}
		{773D86A9-7F17-3DC3-8E3E-B3D3AF1688C0} = {773D86A9-7F17-3DC3-8E3E-B3D3AF1688C0}
		{25F1F230-8722-3294-9A82-3F5D93073CA7} = {25F1F230-8722-3294-9A82-3F5D93073CA7}
		{0C24BCD0-4390-3055-A2F6-2C8A42C3BC58} = {0C24BCD0-4390-3055-A2F6-2C8A42C3BC58}
		{0C89160B-F0FF-3B00-A234-9EC8877EDEFF} = {0C89160B-F0FF-3B00-A234-9EC8877EDEFF}
		{AE105776-CAC0-304A-89A3-13174D730095} = {AE105776-CAC0-304A-89A3-13174D730095}
		{11BB04C8-ACA5-3881-8ECD-F1D400D3824E} = {11BB04C8-ACA5-3881-8ECD-F1D400D3824E}
		{C7B12197-80DA-3FC4-9EAA-4EF3318CE198} = {C7B12197-80DA-3FC4-9EAA-4EF3318CE198}
		{282F506C-806C-33EF-884D-3E3E9CA8EE5D} = {282F506C-806C-33EF-884D-3E3E9CA8EE5D}
	EndProjectSection
EndProject
Project("{8BC9CEB8-8B4A-11D0-8D11-00A0C91BC942}") = "opencv_xfeatures2d", "contrib\xfeatures2d\opencv_xfeatures2d.vcxproj", "{51A55CFC-30A7-325F-B415-57CC03CC1F26}"
	ProjectSection(ProjectDependencies) = postProject
		{A2B6B0A1-0116-3B54-BA2A-2EB40583D0C0} = {A2B6B0A1-0116-3B54-BA2A-2EB40583D0C0}
		{9F4C872A-07C5-34F4-97A1-A6FD09C48232} = {9F4C872A-07C5-34F4-97A1-A6FD09C48232}
		{236D9F3A-4D25-3745-A439-0D17D29C4B19} = {236D9F3A-4D25-3745-A439-0D17D29C4B19}
		{25F1F230-8722-3294-9A82-3F5D93073CA7} = {25F1F230-8722-3294-9A82-3F5D93073CA7}
		{0C24BCD0-4390-3055-A2F6-2C8A42C3BC58} = {0C24BCD0-4390-3055-A2F6-2C8A42C3BC58}
		{AE105776-CAC0-304A-89A3-13174D730095} = {AE105776-CAC0-304A-89A3-13174D730095}
		{39C3E051-8DFF-3A8A-B56B-C768951D31C2} = {39C3E051-8DFF-3A8A-B56B-C768951D31C2}
		{60659D09-FEA3-37CE-BC08-689D67984FA0} = {60659D09-FEA3-37CE-BC08-689D67984FA0}
	EndProjectSection
EndProject
Project("{8BC9CEB8-8B4A-11D0-8D11-00A0C91BC942}") = "opencv_ximgproc", "contrib\ximgproc\opencv_ximgproc.vcxproj", "{A497379D-DF46-3CBF-996E-BDBA6D69D052}"
	ProjectSection(ProjectDependencies) = postProject
		{A2B6B0A1-0116-3B54-BA2A-2EB40583D0C0} = {A2B6B0A1-0116-3B54-BA2A-2EB40583D0C0}
		{9F4C872A-07C5-34F4-97A1-A6FD09C48232} = {9F4C872A-07C5-34F4-97A1-A6FD09C48232}
		{236D9F3A-4D25-3745-A439-0D17D29C4B19} = {236D9F3A-4D25-3745-A439-0D17D29C4B19}
		{773D86A9-7F17-3DC3-8E3E-B3D3AF1688C0} = {773D86A9-7F17-3DC3-8E3E-B3D3AF1688C0}
		{25F1F230-8722-3294-9A82-3F5D93073CA7} = {25F1F230-8722-3294-9A82-3F5D93073CA7}
		{0C24BCD0-4390-3055-A2F6-2C8A42C3BC58} = {0C24BCD0-4390-3055-A2F6-2C8A42C3BC58}
		{0C89160B-F0FF-3B00-A234-9EC8877EDEFF} = {0C89160B-F0FF-3B00-A234-9EC8877EDEFF}
		{AE105776-CAC0-304A-89A3-13174D730095} = {AE105776-CAC0-304A-89A3-13174D730095}
		{C7B12197-80DA-3FC4-9EAA-4EF3318CE198} = {C7B12197-80DA-3FC4-9EAA-4EF3318CE198}
	EndProjectSection
EndProject
Project("{8BC9CEB8-8B4A-11D0-8D11-00A0C91BC942}") = "opencv_xobjdetect", "contrib\xobjdetect\opencv_xobjdetect.vcxproj", "{11D3B6C4-F526-3E17-A210-B60F39448D0D}"
	ProjectSection(ProjectDependencies) = postProject
		{A2B6B0A1-0116-3B54-BA2A-2EB40583D0C0} = {A2B6B0A1-0116-3B54-BA2A-2EB40583D0C0}
		{9F4C872A-07C5-34F4-97A1-A6FD09C48232} = {9F4C872A-07C5-34F4-97A1-A6FD09C48232}
		{236D9F3A-4D25-3745-A439-0D17D29C4B19} = {236D9F3A-4D25-3745-A439-0D17D29C4B19}
		{773D86A9-7F17-3DC3-8E3E-B3D3AF1688C0} = {773D86A9-7F17-3DC3-8E3E-B3D3AF1688C0}
		{25F1F230-8722-3294-9A82-3F5D93073CA7} = {25F1F230-8722-3294-9A82-3F5D93073CA7}
		{0C24BCD0-4390-3055-A2F6-2C8A42C3BC58} = {0C24BCD0-4390-3055-A2F6-2C8A42C3BC58}
		{0C89160B-F0FF-3B00-A234-9EC8877EDEFF} = {0C89160B-F0FF-3B00-A234-9EC8877EDEFF}
		{AE105776-CAC0-304A-89A3-13174D730095} = {AE105776-CAC0-304A-89A3-13174D730095}
		{0EE710F9-7C5C-3DEF-8921-4C0657DCDE49} = {0EE710F9-7C5C-3DEF-8921-4C0657DCDE49}
	EndProjectSection
EndProject
Project("{8BC9CEB8-8B4A-11D0-8D11-00A0C91BC942}") = "opencv_xphoto", "contrib\xphoto\opencv_xphoto.vcxproj", "{E93F04C6-E5AB-3561-915E-C9C94B9C336E}"
	ProjectSection(ProjectDependencies) = postProject
		{A2B6B0A1-0116-3B54-BA2A-2EB40583D0C0} = {A2B6B0A1-0116-3B54-BA2A-2EB40583D0C0}
		{236D9F3A-4D25-3745-A439-0D17D29C4B19} = {236D9F3A-4D25-3745-A439-0D17D29C4B19}
		{AE105776-CAC0-304A-89A3-13174D730095} = {AE105776-CAC0-304A-89A3-13174D730095}
		{11BB04C8-ACA5-3881-8ECD-F1D400D3824E} = {11BB04C8-ACA5-3881-8ECD-F1D400D3824E}
	EndProjectSection
EndProject
Project("{8BC9CEB8-8B4A-11D0-8D11-00A0C91BC942}") = "zlib", "3rdparty\zlib\zlib.vcxproj", "{3A04D858-B82E-3A36-8AA0-1CA8EDAF9FE7}"
	ProjectSection(ProjectDependencies) = postProject
		{A2B6B0A1-0116-3B54-BA2A-2EB40583D0C0} = {A2B6B0A1-0116-3B54-BA2A-2EB40583D0C0}
	EndProjectSection
EndProject
Project("{2150E333-8FDC-42A3-9474-1A3956D46DE8}") = "contrib", "contrib", "{8799AFEB-756E-4740-8460-7D5D8D9D8DE6}"
EndProject
Global
	GlobalSection(SolutionConfigurationPlatforms) = preSolution
		Debug|x64 = Debug|x64
		Release|x64 = Release|x64
	EndGlobalSection
	GlobalSection(ProjectConfigurationPlatforms) = postSolution
		{350F6A37-D4A1-3B5E-9B75-D9B3641E0E93}.Debug|x64.ActiveCfg = Debug|x64
		{350F6A37-D4A1-3B5E-9B75-D9B3641E0E93}.Release|x64.ActiveCfg = Release|x64
		{A2B6B0A1-0116-3B54-BA2A-2EB40583D0C0}.Debug|x64.ActiveCfg = Debug|x64
		{A2B6B0A1-0116-3B54-BA2A-2EB40583D0C0}.Debug|x64.Build.0 = Debug|x64
		{A2B6B0A1-0116-3B54-BA2A-2EB40583D0C0}.Release|x64.ActiveCfg = Release|x64
		{A2B6B0A1-0116-3B54-BA2A-2EB40583D0C0}.Release|x64.Build.0 = Release|x64
		{5AA2EDFF-19C7-321B-AF8E-EF048850274A}.Debug|x64.ActiveCfg = Debug|x64
		{5AA2EDFF-19C7-321B-AF8E-EF048850274A}.Debug|x64.Build.0 = Debug|x64
		{5AA2EDFF-19C7-321B-AF8E-EF048850274A}.Release|x64.ActiveCfg = Release|x64
		{5AA2EDFF-19C7-321B-AF8E-EF048850274A}.Release|x64.Build.0 = Release|x64
		{62B866CB-7714-3C1A-9252-BCA1F8C1DFBC}.Debug|x64.ActiveCfg = Debug|x64
		{62B866CB-7714-3C1A-9252-BCA1F8C1DFBC}.Debug|x64.Build.0 = Debug|x64
		{62B866CB-7714-3C1A-9252-BCA1F8C1DFBC}.Release|x64.ActiveCfg = Release|x64
		{62B866CB-7714-3C1A-9252-BCA1F8C1DFBC}.Release|x64.Build.0 = Release|x64
		{A14E548A-5288-34A7-9C1C-80B6476605C1}.Debug|x64.ActiveCfg = Debug|x64
		{A14E548A-5288-34A7-9C1C-80B6476605C1}.Debug|x64.Build.0 = Debug|x64
		{A14E548A-5288-34A7-9C1C-80B6476605C1}.Release|x64.ActiveCfg = Release|x64
		{A14E548A-5288-34A7-9C1C-80B6476605C1}.Release|x64.Build.0 = Release|x64
		{978D094A-68DD-3BB9-A26D-A1848DD8050A}.Debug|x64.ActiveCfg = Debug|x64
		{978D094A-68DD-3BB9-A26D-A1848DD8050A}.Debug|x64.Build.0 = Debug|x64
		{978D094A-68DD-3BB9-A26D-A1848DD8050A}.Release|x64.ActiveCfg = Release|x64
		{978D094A-68DD-3BB9-A26D-A1848DD8050A}.Release|x64.Build.0 = Release|x64
		{E43046B4-1ED1-3DF1-9F99-834EBC22AC4B}.Debug|x64.ActiveCfg = Debug|x64
		{E43046B4-1ED1-3DF1-9F99-834EBC22AC4B}.Debug|x64.Build.0 = Debug|x64
		{E43046B4-1ED1-3DF1-9F99-834EBC22AC4B}.Release|x64.ActiveCfg = Release|x64
		{E43046B4-1ED1-3DF1-9F99-834EBC22AC4B}.Release|x64.Build.0 = Release|x64
		{2EFBDC74-2413-3C7F-898C-B7A7DF6DE808}.Debug|x64.ActiveCfg = Debug|x64
		{2EFBDC74-2413-3C7F-898C-B7A7DF6DE808}.Debug|x64.Build.0 = Debug|x64
		{2EFBDC74-2413-3C7F-898C-B7A7DF6DE808}.Release|x64.ActiveCfg = Release|x64
		{2EFBDC74-2413-3C7F-898C-B7A7DF6DE808}.Release|x64.Build.0 = Release|x64
		{220DAAA7-4AD6-30AF-97F5-8873DCF9F38C}.Debug|x64.ActiveCfg = Debug|x64
		{220DAAA7-4AD6-30AF-97F5-8873DCF9F38C}.Debug|x64.Build.0 = Debug|x64
		{220DAAA7-4AD6-30AF-97F5-8873DCF9F38C}.Release|x64.ActiveCfg = Release|x64
		{220DAAA7-4AD6-30AF-97F5-8873DCF9F38C}.Release|x64.Build.0 = Release|x64
		{EEFE6921-9F76-3EDC-BE4D-64B9FC7B7474}.Debug|x64.ActiveCfg = Debug|x64
		{EEFE6921-9F76-3EDC-BE4D-64B9FC7B7474}.Debug|x64.Build.0 = Debug|x64
		{EEFE6921-9F76-3EDC-BE4D-64B9FC7B7474}.Release|x64.ActiveCfg = Release|x64
		{EEFE6921-9F76-3EDC-BE4D-64B9FC7B7474}.Release|x64.Build.0 = Release|x64
		{89A5C56D-FEFE-37F2-BE88-9357D332B47F}.Debug|x64.ActiveCfg = Debug|x64
		{89A5C56D-FEFE-37F2-BE88-9357D332B47F}.Debug|x64.Build.0 = Debug|x64
		{89A5C56D-FEFE-37F2-BE88-9357D332B47F}.Release|x64.ActiveCfg = Release|x64
		{89A5C56D-FEFE-37F2-BE88-9357D332B47F}.Release|x64.Build.0 = Release|x64
		{2138D463-2D5B-39FB-8768-19D36E11CC89}.Debug|x64.ActiveCfg = Debug|x64
		{2138D463-2D5B-39FB-8768-19D36E11CC89}.Debug|x64.Build.0 = Debug|x64
		{2138D463-2D5B-39FB-8768-19D36E11CC89}.Release|x64.ActiveCfg = Release|x64
		{2138D463-2D5B-39FB-8768-19D36E11CC89}.Release|x64.Build.0 = Release|x64
		{9F4C872A-07C5-34F4-97A1-A6FD09C48232}.Debug|x64.ActiveCfg = Debug|x64
		{9F4C872A-07C5-34F4-97A1-A6FD09C48232}.Debug|x64.Build.0 = Debug|x64
		{9F4C872A-07C5-34F4-97A1-A6FD09C48232}.Release|x64.ActiveCfg = Release|x64
		{9F4C872A-07C5-34F4-97A1-A6FD09C48232}.Release|x64.Build.0 = Release|x64
		{EF4ECDCF-CD4F-3C95-AB1C-1FD9CC6A61F4}.Debug|x64.ActiveCfg = Debug|x64
		{EF4ECDCF-CD4F-3C95-AB1C-1FD9CC6A61F4}.Debug|x64.Build.0 = Debug|x64
		{EF4ECDCF-CD4F-3C95-AB1C-1FD9CC6A61F4}.Release|x64.ActiveCfg = Release|x64
		{EF4ECDCF-CD4F-3C95-AB1C-1FD9CC6A61F4}.Release|x64.Build.0 = Release|x64
		{1F5F8394-FA39-3378-A57A-6BC5F8B76CFC}.Debug|x64.ActiveCfg = Debug|x64
		{1F5F8394-FA39-3378-A57A-6BC5F8B76CFC}.Debug|x64.Build.0 = Debug|x64
		{1F5F8394-FA39-3378-A57A-6BC5F8B76CFC}.Release|x64.ActiveCfg = Release|x64
		{1F5F8394-FA39-3378-A57A-6BC5F8B76CFC}.Release|x64.Build.0 = Release|x64
		{236D9F3A-4D25-3745-A439-0D17D29C4B19}.Debug|x64.ActiveCfg = Debug|x64
		{236D9F3A-4D25-3745-A439-0D17D29C4B19}.Debug|x64.Build.0 = Debug|x64
		{236D9F3A-4D25-3745-A439-0D17D29C4B19}.Release|x64.ActiveCfg = Release|x64
		{236D9F3A-4D25-3745-A439-0D17D29C4B19}.Release|x64.Build.0 = Release|x64
		{DFCC8619-D63E-3634-96B7-9F2A87498F0E}.Debug|x64.ActiveCfg = Debug|x64
		{DFCC8619-D63E-3634-96B7-9F2A87498F0E}.Debug|x64.Build.0 = Debug|x64
		{DFCC8619-D63E-3634-96B7-9F2A87498F0E}.Release|x64.ActiveCfg = Release|x64
		{DFCC8619-D63E-3634-96B7-9F2A87498F0E}.Release|x64.Build.0 = Release|x64
		{DB2B6619-8241-3360-AA30-FFDBCBEADAEF}.Debug|x64.ActiveCfg = Debug|x64
		{DB2B6619-8241-3360-AA30-FFDBCBEADAEF}.Debug|x64.Build.0 = Debug|x64
		{DB2B6619-8241-3360-AA30-FFDBCBEADAEF}.Release|x64.ActiveCfg = Release|x64
		{DB2B6619-8241-3360-AA30-FFDBCBEADAEF}.Release|x64.Build.0 = Release|x64
		{21CB419B-A901-3D90-A7B8-74B0E47FA2BF}.Debug|x64.ActiveCfg = Debug|x64
		{21CB419B-A901-3D90-A7B8-74B0E47FA2BF}.Debug|x64.Build.0 = Debug|x64
		{21CB419B-A901-3D90-A7B8-74B0E47FA2BF}.Release|x64.ActiveCfg = Release|x64
		{21CB419B-A901-3D90-A7B8-74B0E47FA2BF}.Release|x64.Build.0 = Release|x64
		{7D94D9AD-F080-335A-A808-4A28D556A542}.Debug|x64.ActiveCfg = Debug|x64
		{7D94D9AD-F080-335A-A808-4A28D556A542}.Debug|x64.Build.0 = Debug|x64
		{7D94D9AD-F080-335A-A808-4A28D556A542}.Release|x64.ActiveCfg = Release|x64
		{7D94D9AD-F080-335A-A808-4A28D556A542}.Release|x64.Build.0 = Release|x64
		{22A6E935-9A30-3A01-8532-39A63F9E667C}.Debug|x64.ActiveCfg = Debug|x64
		{22A6E935-9A30-3A01-8532-39A63F9E667C}.Debug|x64.Build.0 = Debug|x64
		{22A6E935-9A30-3A01-8532-39A63F9E667C}.Release|x64.ActiveCfg = Release|x64
		{22A6E935-9A30-3A01-8532-39A63F9E667C}.Release|x64.Build.0 = Release|x64
		{D1C15069-B8C2-3794-A383-1473E2C09FC2}.Debug|x64.ActiveCfg = Debug|x64
		{D1C15069-B8C2-3794-A383-1473E2C09FC2}.Debug|x64.Build.0 = Debug|x64
		{D1C15069-B8C2-3794-A383-1473E2C09FC2}.Release|x64.ActiveCfg = Release|x64
		{D1C15069-B8C2-3794-A383-1473E2C09FC2}.Release|x64.Build.0 = Release|x64
		{773D86A9-7F17-3DC3-8E3E-B3D3AF1688C0}.Debug|x64.ActiveCfg = Debug|x64
		{773D86A9-7F17-3DC3-8E3E-B3D3AF1688C0}.Debug|x64.Build.0 = Debug|x64
		{773D86A9-7F17-3DC3-8E3E-B3D3AF1688C0}.Release|x64.ActiveCfg = Release|x64
		{773D86A9-7F17-3DC3-8E3E-B3D3AF1688C0}.Release|x64.Build.0 = Release|x64
		{ED31A967-4A1D-31DC-AFC0-E687D88FD89F}.Debug|x64.ActiveCfg = Debug|x64
		{ED31A967-4A1D-31DC-AFC0-E687D88FD89F}.Debug|x64.Build.0 = Debug|x64
		{ED31A967-4A1D-31DC-AFC0-E687D88FD89F}.Release|x64.ActiveCfg = Release|x64
		{ED31A967-4A1D-31DC-AFC0-E687D88FD89F}.Release|x64.Build.0 = Release|x64
		{D6943C23-DE50-30DD-A100-8310E8706C86}.Debug|x64.ActiveCfg = Debug|x64
		{D6943C23-DE50-30DD-A100-8310E8706C86}.Debug|x64.Build.0 = Debug|x64
		{D6943C23-DE50-30DD-A100-8310E8706C86}.Release|x64.ActiveCfg = Release|x64
		{D6943C23-DE50-30DD-A100-8310E8706C86}.Release|x64.Build.0 = Release|x64
		{10AA9BC6-96D8-31AE-92E7-D1450494A302}.Debug|x64.ActiveCfg = Debug|x64
		{10AA9BC6-96D8-31AE-92E7-D1450494A302}.Debug|x64.Build.0 = Debug|x64
		{10AA9BC6-96D8-31AE-92E7-D1450494A302}.Release|x64.ActiveCfg = Release|x64
		{10AA9BC6-96D8-31AE-92E7-D1450494A302}.Release|x64.Build.0 = Release|x64
		{1CB47CD8-CE01-33A1-883C-892116523CB7}.Debug|x64.ActiveCfg = Debug|x64
		{1CB47CD8-CE01-33A1-883C-892116523CB7}.Debug|x64.Build.0 = Debug|x64
		{1CB47CD8-CE01-33A1-883C-892116523CB7}.Release|x64.ActiveCfg = Release|x64
		{1CB47CD8-CE01-33A1-883C-892116523CB7}.Release|x64.Build.0 = Release|x64
		{B332A878-3F80-3051-B2BE-D10109221D8F}.Debug|x64.ActiveCfg = Debug|x64
		{B332A878-3F80-3051-B2BE-D10109221D8F}.Debug|x64.Build.0 = Debug|x64
		{B332A878-3F80-3051-B2BE-D10109221D8F}.Release|x64.ActiveCfg = Release|x64
		{B332A878-3F80-3051-B2BE-D10109221D8F}.Release|x64.Build.0 = Release|x64
		{2BE4809C-4F8E-3741-A9DC-BB9D34EE5780}.Debug|x64.ActiveCfg = Debug|x64
		{2BE4809C-4F8E-3741-A9DC-BB9D34EE5780}.Debug|x64.Build.0 = Debug|x64
		{2BE4809C-4F8E-3741-A9DC-BB9D34EE5780}.Release|x64.ActiveCfg = Release|x64
		{2BE4809C-4F8E-3741-A9DC-BB9D34EE5780}.Release|x64.Build.0 = Release|x64
		{763BECA9-0785-31A2-851F-F6F1465D4C56}.Debug|x64.ActiveCfg = Debug|x64
		{763BECA9-0785-31A2-851F-F6F1465D4C56}.Debug|x64.Build.0 = Debug|x64
		{763BECA9-0785-31A2-851F-F6F1465D4C56}.Release|x64.ActiveCfg = Release|x64
		{763BECA9-0785-31A2-851F-F6F1465D4C56}.Release|x64.Build.0 = Release|x64
		{25F1F230-8722-3294-9A82-3F5D93073CA7}.Debug|x64.ActiveCfg = Debug|x64
		{25F1F230-8722-3294-9A82-3F5D93073CA7}.Debug|x64.Build.0 = Debug|x64
		{25F1F230-8722-3294-9A82-3F5D93073CA7}.Release|x64.ActiveCfg = Release|x64
		{25F1F230-8722-3294-9A82-3F5D93073CA7}.Release|x64.Build.0 = Release|x64
		{75E4E709-2A1F-3E15-97D0-DC85B614C59E}.Debug|x64.ActiveCfg = Debug|x64
		{75E4E709-2A1F-3E15-97D0-DC85B614C59E}.Debug|x64.Build.0 = Debug|x64
		{75E4E709-2A1F-3E15-97D0-DC85B614C59E}.Release|x64.ActiveCfg = Release|x64
		{75E4E709-2A1F-3E15-97D0-DC85B614C59E}.Release|x64.Build.0 = Release|x64
		{2BAD0CF6-9926-3937-9399-AB763A6D6E8E}.Debug|x64.ActiveCfg = Debug|x64
		{2BAD0CF6-9926-3937-9399-AB763A6D6E8E}.Debug|x64.Build.0 = Debug|x64
		{2BAD0CF6-9926-3937-9399-AB763A6D6E8E}.Release|x64.ActiveCfg = Release|x64
		{2BAD0CF6-9926-3937-9399-AB763A6D6E8E}.Release|x64.Build.0 = Release|x64
		{F4649CDD-EBEF-381E-B761-A74D7C769E05}.Debug|x64.ActiveCfg = Debug|x64
		{F4649CDD-EBEF-381E-B761-A74D7C769E05}.Debug|x64.Build.0 = Debug|x64
		{F4649CDD-EBEF-381E-B761-A74D7C769E05}.Release|x64.ActiveCfg = Release|x64
		{F4649CDD-EBEF-381E-B761-A74D7C769E05}.Release|x64.Build.0 = Release|x64
		{0C24BCD0-4390-3055-A2F6-2C8A42C3BC58}.Debug|x64.ActiveCfg = Debug|x64
		{0C24BCD0-4390-3055-A2F6-2C8A42C3BC58}.Debug|x64.Build.0 = Debug|x64
		{0C24BCD0-4390-3055-A2F6-2C8A42C3BC58}.Release|x64.ActiveCfg = Release|x64
		{0C24BCD0-4390-3055-A2F6-2C8A42C3BC58}.Release|x64.Build.0 = Release|x64
		{65FC7599-4461-3D4B-A4CA-650D6394E5DC}.Debug|x64.ActiveCfg = Debug|x64
		{65FC7599-4461-3D4B-A4CA-650D6394E5DC}.Debug|x64.Build.0 = Debug|x64
		{65FC7599-4461-3D4B-A4CA-650D6394E5DC}.Release|x64.ActiveCfg = Release|x64
		{65FC7599-4461-3D4B-A4CA-650D6394E5DC}.Release|x64.Build.0 = Release|x64
		{6BCB52A1-3233-3F0A-886E-C7B6666C0845}.Debug|x64.ActiveCfg = Debug|x64
		{6BCB52A1-3233-3F0A-886E-C7B6666C0845}.Debug|x64.Build.0 = Debug|x64
		{6BCB52A1-3233-3F0A-886E-C7B6666C0845}.Release|x64.ActiveCfg = Release|x64
		{6BCB52A1-3233-3F0A-886E-C7B6666C0845}.Release|x64.Build.0 = Release|x64
		{9D87A25E-9CB1-33BE-BF55-ED24F1BEA689}.Debug|x64.ActiveCfg = Debug|x64
		{9D87A25E-9CB1-33BE-BF55-ED24F1BEA689}.Debug|x64.Build.0 = Debug|x64
		{9D87A25E-9CB1-33BE-BF55-ED24F1BEA689}.Release|x64.ActiveCfg = Release|x64
		{9D87A25E-9CB1-33BE-BF55-ED24F1BEA689}.Release|x64.Build.0 = Release|x64
		{2F0D42A7-7621-307F-8722-340D150E686B}.Debug|x64.ActiveCfg = Debug|x64
		{2F0D42A7-7621-307F-8722-340D150E686B}.Debug|x64.Build.0 = Debug|x64
		{2F0D42A7-7621-307F-8722-340D150E686B}.Release|x64.ActiveCfg = Release|x64
		{2F0D42A7-7621-307F-8722-340D150E686B}.Release|x64.Build.0 = Release|x64
		{A232D01B-8121-365E-B21E-380119B4A2F8}.Debug|x64.ActiveCfg = Debug|x64
		{A232D01B-8121-365E-B21E-380119B4A2F8}.Debug|x64.Build.0 = Debug|x64
		{A232D01B-8121-365E-B21E-380119B4A2F8}.Release|x64.ActiveCfg = Release|x64
		{A232D01B-8121-365E-B21E-380119B4A2F8}.Release|x64.Build.0 = Release|x64
		{42D9FB67-B924-3C35-8EE0-353075B0C9AE}.Debug|x64.ActiveCfg = Debug|x64
		{42D9FB67-B924-3C35-8EE0-353075B0C9AE}.Debug|x64.Build.0 = Debug|x64
		{42D9FB67-B924-3C35-8EE0-353075B0C9AE}.Release|x64.ActiveCfg = Release|x64
		{42D9FB67-B924-3C35-8EE0-353075B0C9AE}.Release|x64.Build.0 = Release|x64
		{0C89160B-F0FF-3B00-A234-9EC8877EDEFF}.Debug|x64.ActiveCfg = Debug|x64
		{0C89160B-F0FF-3B00-A234-9EC8877EDEFF}.Debug|x64.Build.0 = Debug|x64
		{0C89160B-F0FF-3B00-A234-9EC8877EDEFF}.Release|x64.ActiveCfg = Release|x64
		{0C89160B-F0FF-3B00-A234-9EC8877EDEFF}.Release|x64.Build.0 = Release|x64
		{AE105776-CAC0-304A-89A3-13174D730095}.Debug|x64.ActiveCfg = Debug|x64
		{AE105776-CAC0-304A-89A3-13174D730095}.Debug|x64.Build.0 = Debug|x64
		{AE105776-CAC0-304A-89A3-13174D730095}.Release|x64.ActiveCfg = Release|x64
		{AE105776-CAC0-304A-89A3-13174D730095}.Release|x64.Build.0 = Release|x64
		{3D45B661-409A-342E-A689-92909AB52F9D}.Debug|x64.ActiveCfg = Debug|x64
		{3D45B661-409A-342E-A689-92909AB52F9D}.Debug|x64.Build.0 = Debug|x64
		{3D45B661-409A-342E-A689-92909AB52F9D}.Release|x64.ActiveCfg = Release|x64
		{3D45B661-409A-342E-A689-92909AB52F9D}.Release|x64.Build.0 = Release|x64
		{2AD109D2-BB4D-3B23-A4F8-F6A0B1BEF8AA}.Debug|x64.ActiveCfg = Debug|x64
		{2AD109D2-BB4D-3B23-A4F8-F6A0B1BEF8AA}.Debug|x64.Build.0 = Debug|x64
		{2AD109D2-BB4D-3B23-A4F8-F6A0B1BEF8AA}.Release|x64.ActiveCfg = Release|x64
		{2AD109D2-BB4D-3B23-A4F8-F6A0B1BEF8AA}.Release|x64.Build.0 = Release|x64
		{15E100A8-6BA6-3744-B601-706183B93310}.Debug|x64.ActiveCfg = Debug|x64
		{15E100A8-6BA6-3744-B601-706183B93310}.Debug|x64.Build.0 = Debug|x64
		{15E100A8-6BA6-3744-B601-706183B93310}.Release|x64.ActiveCfg = Release|x64
		{15E100A8-6BA6-3744-B601-706183B93310}.Release|x64.Build.0 = Release|x64
		{B53EA64B-525D-30AE-B9B7-A982321134C0}.Debug|x64.ActiveCfg = Debug|x64
		{B53EA64B-525D-30AE-B9B7-A982321134C0}.Debug|x64.Build.0 = Debug|x64
		{B53EA64B-525D-30AE-B9B7-A982321134C0}.Release|x64.ActiveCfg = Release|x64
		{B53EA64B-525D-30AE-B9B7-A982321134C0}.Release|x64.Build.0 = Release|x64
		{D094F381-AB08-32E9-A816-A669AFB510F4}.Debug|x64.ActiveCfg = Debug|x64
		{D094F381-AB08-32E9-A816-A669AFB510F4}.Debug|x64.Build.0 = Debug|x64
		{D094F381-AB08-32E9-A816-A669AFB510F4}.Release|x64.ActiveCfg = Release|x64
		{D094F381-AB08-32E9-A816-A669AFB510F4}.Release|x64.Build.0 = Release|x64
		{256454A6-1F7A-3D4F-95D7-5B0DC9AA9C00}.Debug|x64.ActiveCfg = Debug|x64
		{256454A6-1F7A-3D4F-95D7-5B0DC9AA9C00}.Debug|x64.Build.0 = Debug|x64
		{256454A6-1F7A-3D4F-95D7-5B0DC9AA9C00}.Release|x64.ActiveCfg = Release|x64
		{256454A6-1F7A-3D4F-95D7-5B0DC9AA9C00}.Release|x64.Build.0 = Release|x64
		{7A7FB347-F04B-397D-8221-55F5A072006D}.Debug|x64.ActiveCfg = Debug|x64
		{7A7FB347-F04B-397D-8221-55F5A072006D}.Debug|x64.Build.0 = Debug|x64
		{7A7FB347-F04B-397D-8221-55F5A072006D}.Release|x64.ActiveCfg = Release|x64
		{7A7FB347-F04B-397D-8221-55F5A072006D}.Release|x64.Build.0 = Release|x64
		{39C3E051-8DFF-3A8A-B56B-C768951D31C2}.Debug|x64.ActiveCfg = Debug|x64
		{39C3E051-8DFF-3A8A-B56B-C768951D31C2}.Debug|x64.Build.0 = Debug|x64
		{39C3E051-8DFF-3A8A-B56B-C768951D31C2}.Release|x64.ActiveCfg = Release|x64
		{39C3E051-8DFF-3A8A-B56B-C768951D31C2}.Release|x64.Build.0 = Release|x64
		{53AE261C-B7A6-30BF-AD5B-7197A1E6B3DC}.Debug|x64.ActiveCfg = Debug|x64
		{53AE261C-B7A6-30BF-AD5B-7197A1E6B3DC}.Release|x64.ActiveCfg = Release|x64
		{0EE710F9-7C5C-3DEF-8921-4C0657DCDE49}.Debug|x64.ActiveCfg = Debug|x64
		{0EE710F9-7C5C-3DEF-8921-4C0657DCDE49}.Debug|x64.Build.0 = Debug|x64
		{0EE710F9-7C5C-3DEF-8921-4C0657DCDE49}.Release|x64.ActiveCfg = Release|x64
		{0EE710F9-7C5C-3DEF-8921-4C0657DCDE49}.Release|x64.Build.0 = Release|x64
		{F8EF810B-A436-3256-8716-9BC664683E4A}.Debug|x64.ActiveCfg = Debug|x64
		{F8EF810B-A436-3256-8716-9BC664683E4A}.Debug|x64.Build.0 = Debug|x64
		{F8EF810B-A436-3256-8716-9BC664683E4A}.Release|x64.ActiveCfg = Release|x64
		{F8EF810B-A436-3256-8716-9BC664683E4A}.Release|x64.Build.0 = Release|x64
		{FA6959E6-0167-3A1F-9174-C823574CB1D8}.Debug|x64.ActiveCfg = Debug|x64
		{FA6959E6-0167-3A1F-9174-C823574CB1D8}.Debug|x64.Build.0 = Debug|x64
		{FA6959E6-0167-3A1F-9174-C823574CB1D8}.Release|x64.ActiveCfg = Release|x64
		{FA6959E6-0167-3A1F-9174-C823574CB1D8}.Release|x64.Build.0 = Release|x64
		{11BB04C8-ACA5-3881-8ECD-F1D400D3824E}.Debug|x64.ActiveCfg = Debug|x64
		{11BB04C8-ACA5-3881-8ECD-F1D400D3824E}.Debug|x64.Build.0 = Debug|x64
		{11BB04C8-ACA5-3881-8ECD-F1D400D3824E}.Release|x64.ActiveCfg = Release|x64
		{11BB04C8-ACA5-3881-8ECD-F1D400D3824E}.Release|x64.Build.0 = Release|x64
		{7E8A8F24-BD32-3B6C-9416-BA4D4615023D}.Debug|x64.ActiveCfg = Debug|x64
		{7E8A8F24-BD32-3B6C-9416-BA4D4615023D}.Debug|x64.Build.0 = Debug|x64
		{7E8A8F24-BD32-3B6C-9416-BA4D4615023D}.Release|x64.ActiveCfg = Release|x64
		{7E8A8F24-BD32-3B6C-9416-BA4D4615023D}.Release|x64.Build.0 = Release|x64
		{A2DD7FDD-5F87-3DF6-8056-28ECB89FB326}.Debug|x64.ActiveCfg = Debug|x64
		{A2DD7FDD-5F87-3DF6-8056-28ECB89FB326}.Debug|x64.Build.0 = Debug|x64
		{A2DD7FDD-5F87-3DF6-8056-28ECB89FB326}.Release|x64.ActiveCfg = Release|x64
		{A2DD7FDD-5F87-3DF6-8056-28ECB89FB326}.Release|x64.Build.0 = Release|x64
		{4139AE53-C30E-3D76-ABB9-BEA89B680057}.Debug|x64.ActiveCfg = Debug|x64
		{4139AE53-C30E-3D76-ABB9-BEA89B680057}.Debug|x64.Build.0 = Debug|x64
		{4139AE53-C30E-3D76-ABB9-BEA89B680057}.Release|x64.ActiveCfg = Release|x64
		{4139AE53-C30E-3D76-ABB9-BEA89B680057}.Release|x64.Build.0 = Release|x64
		{BBAC4A66-ABE6-3EBB-9C30-A266CE52C377}.Debug|x64.ActiveCfg = Debug|x64
		{BBAC4A66-ABE6-3EBB-9C30-A266CE52C377}.Debug|x64.Build.0 = Debug|x64
		{BBAC4A66-ABE6-3EBB-9C30-A266CE52C377}.Release|x64.ActiveCfg = Release|x64
		{BBAC4A66-ABE6-3EBB-9C30-A266CE52C377}.Release|x64.Build.0 = Release|x64
		{DDDDE8A2-92AF-39C1-B869-EFF49A3935C9}.Debug|x64.ActiveCfg = Debug|x64
		{DDDDE8A2-92AF-39C1-B869-EFF49A3935C9}.Debug|x64.Build.0 = Debug|x64
		{DDDDE8A2-92AF-39C1-B869-EFF49A3935C9}.Release|x64.ActiveCfg = Release|x64
		{DDDDE8A2-92AF-39C1-B869-EFF49A3935C9}.Release|x64.Build.0 = Release|x64
		{B5CD1C3B-90BD-3552-99E6-B266FFD31956}.Debug|x64.ActiveCfg = Debug|x64
		{B5CD1C3B-90BD-3552-99E6-B266FFD31956}.Debug|x64.Build.0 = Debug|x64
		{B5CD1C3B-90BD-3552-99E6-B266FFD31956}.Release|x64.ActiveCfg = Release|x64
		{B5CD1C3B-90BD-3552-99E6-B266FFD31956}.Release|x64.Build.0 = Release|x64
		{213A7241-BCB4-34C3-825C-F25DF5C66F5F}.Debug|x64.ActiveCfg = Debug|x64
		{213A7241-BCB4-34C3-825C-F25DF5C66F5F}.Release|x64.ActiveCfg = Release|x64
		{60659D09-FEA3-37CE-BC08-689D67984FA0}.Debug|x64.ActiveCfg = Debug|x64
		{60659D09-FEA3-37CE-BC08-689D67984FA0}.Debug|x64.Build.0 = Debug|x64
		{60659D09-FEA3-37CE-BC08-689D67984FA0}.Release|x64.ActiveCfg = Release|x64
		{60659D09-FEA3-37CE-BC08-689D67984FA0}.Release|x64.Build.0 = Release|x64
		{311CAB1F-407A-310E-8F09-385A47BA4D01}.Debug|x64.ActiveCfg = Debug|x64
		{311CAB1F-407A-310E-8F09-385A47BA4D01}.Debug|x64.Build.0 = Debug|x64
		{311CAB1F-407A-310E-8F09-385A47BA4D01}.Release|x64.ActiveCfg = Release|x64
		{311CAB1F-407A-310E-8F09-385A47BA4D01}.Release|x64.Build.0 = Release|x64
		{3881D659-B347-31FA-A273-592289C2DB71}.Debug|x64.ActiveCfg = Debug|x64
		{3881D659-B347-31FA-A273-592289C2DB71}.Debug|x64.Build.0 = Debug|x64
		{3881D659-B347-31FA-A273-592289C2DB71}.Release|x64.ActiveCfg = Release|x64
		{3881D659-B347-31FA-A273-592289C2DB71}.Release|x64.Build.0 = Release|x64
		{2363B65B-1F0C-348B-93DA-AAEB006CD32E}.Debug|x64.ActiveCfg = Debug|x64
		{2363B65B-1F0C-348B-93DA-AAEB006CD32E}.Debug|x64.Build.0 = Debug|x64
		{2363B65B-1F0C-348B-93DA-AAEB006CD32E}.Release|x64.ActiveCfg = Release|x64
		{2363B65B-1F0C-348B-93DA-AAEB006CD32E}.Release|x64.Build.0 = Release|x64
		{15701590-D343-30A1-82C5-AFA270C289BA}.Debug|x64.ActiveCfg = Debug|x64
		{15701590-D343-30A1-82C5-AFA270C289BA}.Debug|x64.Build.0 = Debug|x64
		{15701590-D343-30A1-82C5-AFA270C289BA}.Release|x64.ActiveCfg = Release|x64
		{15701590-D343-30A1-82C5-AFA270C289BA}.Release|x64.Build.0 = Release|x64
		{325FFAE1-DAC8-3CF1-A0ED-DC4CF0C80768}.Debug|x64.ActiveCfg = Debug|x64
		{325FFAE1-DAC8-3CF1-A0ED-DC4CF0C80768}.Debug|x64.Build.0 = Debug|x64
		{325FFAE1-DAC8-3CF1-A0ED-DC4CF0C80768}.Release|x64.ActiveCfg = Release|x64
		{325FFAE1-DAC8-3CF1-A0ED-DC4CF0C80768}.Release|x64.Build.0 = Release|x64
		{320D0373-40C4-35AC-8C75-401C4E48A889}.Debug|x64.ActiveCfg = Debug|x64
		{320D0373-40C4-35AC-8C75-401C4E48A889}.Debug|x64.Build.0 = Debug|x64
		{320D0373-40C4-35AC-8C75-401C4E48A889}.Release|x64.ActiveCfg = Release|x64
		{320D0373-40C4-35AC-8C75-401C4E48A889}.Release|x64.Build.0 = Release|x64
		{1B0079EE-5BE8-31D7-B120-0F5E37BEB424}.Debug|x64.ActiveCfg = Debug|x64
		{1B0079EE-5BE8-31D7-B120-0F5E37BEB424}.Debug|x64.Build.0 = Debug|x64
		{1B0079EE-5BE8-31D7-B120-0F5E37BEB424}.Release|x64.ActiveCfg = Release|x64
		{1B0079EE-5BE8-31D7-B120-0F5E37BEB424}.Release|x64.Build.0 = Release|x64
		{C9F72501-E78A-3D44-8F30-3B549E9AE41F}.Debug|x64.ActiveCfg = Debug|x64
		{C9F72501-E78A-3D44-8F30-3B549E9AE41F}.Debug|x64.Build.0 = Debug|x64
		{C9F72501-E78A-3D44-8F30-3B549E9AE41F}.Release|x64.ActiveCfg = Release|x64
		{C9F72501-E78A-3D44-8F30-3B549E9AE41F}.Release|x64.Build.0 = Release|x64
		{C7B12197-80DA-3FC4-9EAA-4EF3318CE198}.Debug|x64.ActiveCfg = Debug|x64
		{C7B12197-80DA-3FC4-9EAA-4EF3318CE198}.Debug|x64.Build.0 = Debug|x64
		{C7B12197-80DA-3FC4-9EAA-4EF3318CE198}.Release|x64.ActiveCfg = Release|x64
		{C7B12197-80DA-3FC4-9EAA-4EF3318CE198}.Release|x64.Build.0 = Release|x64
		{282F506C-806C-33EF-884D-3E3E9CA8EE5D}.Debug|x64.ActiveCfg = Debug|x64
		{282F506C-806C-33EF-884D-3E3E9CA8EE5D}.Debug|x64.Build.0 = Debug|x64
		{282F506C-806C-33EF-884D-3E3E9CA8EE5D}.Release|x64.ActiveCfg = Release|x64
		{282F506C-806C-33EF-884D-3E3E9CA8EE5D}.Release|x64.Build.0 = Release|x64
		{8F05A614-76CD-35FE-B1C2-51DEC93243D6}.Debug|x64.ActiveCfg = Debug|x64
		{8F05A614-76CD-35FE-B1C2-51DEC93243D6}.Debug|x64.Build.0 = Debug|x64
		{8F05A614-76CD-35FE-B1C2-51DEC93243D6}.Release|x64.ActiveCfg = Release|x64
		{8F05A614-76CD-35FE-B1C2-51DEC93243D6}.Release|x64.Build.0 = Release|x64
		{51A55CFC-30A7-325F-B415-57CC03CC1F26}.Debug|x64.ActiveCfg = Debug|x64
		{51A55CFC-30A7-325F-B415-57CC03CC1F26}.Debug|x64.Build.0 = Debug|x64
		{51A55CFC-30A7-325F-B415-57CC03CC1F26}.Release|x64.ActiveCfg = Release|x64
		{51A55CFC-30A7-325F-B415-57CC03CC1F26}.Release|x64.Build.0 = Release|x64
		{A497379D-DF46-3CBF-996E-BDBA6D69D052}.Debug|x64.ActiveCfg = Debug|x64
		{A497379D-DF46-3CBF-996E-BDBA6D69D052}.Debug|x64.Build.0 = Debug|x64
		{A497379D-DF46-3CBF-996E-BDBA6D69D052}.Release|x64.ActiveCfg = Release|x64
		{A497379D-DF46-3CBF-996E-BDBA6D69D052}.Release|x64.Build.0 = Release|x64
		{11D3B6C4-F526-3E17-A210-B60F39448D0D}.Debug|x64.ActiveCfg = Debug|x64
		{11D3B6C4-F526-3E17-A210-B60F39448D0D}.Debug|x64.Build.0 = Debug|x64
		{11D3B6C4-F526-3E17-A210-B60F39448D0D}.Release|x64.ActiveCfg = Release|x64
		{11D3B6C4-F526-3E17-A210-B60F39448D0D}.Release|x64.Build.0 = Release|x64
		{E93F04C6-E5AB-3561-915E-C9C94B9C336E}.Debug|x64.ActiveCfg = Debug|x64
		{E93F04C6-E5AB-3561-915E-C9C94B9C336E}.Debug|x64.Build.0 = Debug|x64
		{E93F04C6-E5AB-3561-915E-C9C94B9C336E}.Release|x64.ActiveCfg = Release|x64
		{E93F04C6-E5AB-3561-915E-C9C94B9C336E}.Release|x64.Build.0 = Release|x64
		{3A04D858-B82E-3A36-8AA0-1CA8EDAF9FE7}.Debug|x64.ActiveCfg = Debug|x64
		{3A04D858-B82E-3A36-8AA0-1CA8EDAF9FE7}.Debug|x64.Build.0 = Debug|x64
		{3A04D858-B82E-3A36-8AA0-1CA8EDAF9FE7}.Release|x64.ActiveCfg = Release|x64
		{3A04D858-B82E-3A36-8AA0-1CA8EDAF9FE7}.Release|x64.Build.0 = Release|x64
	EndGlobalSection
	GlobalSection(SolutionProperties) = preSolution
		HideSolutionNode = FALSE
	EndGlobalSection
	GlobalSection(NestedProjects) = preSolution
		{350F6A37-D4A1-3B5E-9B75-D9B3641E0E93} = {1EE1F80E-973C-32FC-B0A7-616B4AFA44C5}
		{A2B6B0A1-0116-3B54-BA2A-2EB40583D0C0} = {1EE1F80E-973C-32FC-B0A7-616B4AFA44C5}
		{5AA2EDFF-19C7-321B-AF8E-EF048850274A} = {332C845F-43EC-37BC-867E-CF17421958F7}
		{62B866CB-7714-3C1A-9252-BCA1F8C1DFBC} = {332C845F-43EC-37BC-867E-CF17421958F7}
		{A14E548A-5288-34A7-9C1C-80B6476605C1} = {332C845F-43EC-37BC-867E-CF17421958F7}
		{978D094A-68DD-3BB9-A26D-A1848DD8050A} = {332C845F-43EC-37BC-867E-CF17421958F7}
		{E43046B4-1ED1-3DF1-9F99-834EBC22AC4B} = {332C845F-43EC-37BC-867E-CF17421958F7}
		{2EFBDC74-2413-3C7F-898C-B7A7DF6DE808} = {332C845F-43EC-37BC-867E-CF17421958F7}
		{220DAAA7-4AD6-30AF-97F5-8873DCF9F38C} = {332C845F-43EC-37BC-867E-CF17421958F7}
		{EEFE6921-9F76-3EDC-BE4D-64B9FC7B7474} = {8799AFEB-756E-4740-8460-7D5D8D9D8DE6}
		{89A5C56D-FEFE-37F2-BE88-9357D332B47F} = {8799AFEB-756E-4740-8460-7D5D8D9D8DE6}
		{2138D463-2D5B-39FB-8768-19D36E11CC89} = {8799AFEB-756E-4740-8460-7D5D8D9D8DE6}
		{9F4C872A-07C5-34F4-97A1-A6FD09C48232} = {3D6E007E-129F-3BF6-875D-ED22F6AAA088}
		{EF4ECDCF-CD4F-3C95-AB1C-1FD9CC6A61F4} = {F02A0AD5-18B7-3AD1-952A-FACA86C883C3}
		{1F5F8394-FA39-3378-A57A-6BC5F8B76CFC} = {8799AFEB-756E-4740-8460-7D5D8D9D8DE6}
		{236D9F3A-4D25-3745-A439-0D17D29C4B19} = {3D6E007E-129F-3BF6-875D-ED22F6AAA088}
		{DFCC8619-D63E-3634-96B7-9F2A87498F0E} = {F02A0AD5-18B7-3AD1-952A-FACA86C883C3}
		{DB2B6619-8241-3360-AA30-FFDBCBEADAEF} = {F02A0AD5-18B7-3AD1-952A-FACA86C883C3}
		{21CB419B-A901-3D90-A7B8-74B0E47FA2BF} = {F02A0AD5-18B7-3AD1-952A-FACA86C883C3}
		{7D94D9AD-F080-335A-A808-4A28D556A542} = {F02A0AD5-18B7-3AD1-952A-FACA86C883C3}
		{22A6E935-9A30-3A01-8532-39A63F9E667C} = {F02A0AD5-18B7-3AD1-952A-FACA86C883C3}
		{D1C15069-B8C2-3794-A383-1473E2C09FC2} = {8799AFEB-756E-4740-8460-7D5D8D9D8DE6}
		{773D86A9-7F17-3DC3-8E3E-B3D3AF1688C0} = {3D6E007E-129F-3BF6-875D-ED22F6AAA088}
		{ED31A967-4A1D-31DC-AFC0-E687D88FD89F} = {F02A0AD5-18B7-3AD1-952A-FACA86C883C3}
		{D6943C23-DE50-30DD-A100-8310E8706C86} = {F02A0AD5-18B7-3AD1-952A-FACA86C883C3}
		{10AA9BC6-96D8-31AE-92E7-D1450494A302} = {F02A0AD5-18B7-3AD1-952A-FACA86C883C3}
		{1CB47CD8-CE01-33A1-883C-892116523CB7} = {8799AFEB-756E-4740-8460-7D5D8D9D8DE6}
		{B332A878-3F80-3051-B2BE-D10109221D8F} = {8799AFEB-756E-4740-8460-7D5D8D9D8DE6}
		{2BE4809C-4F8E-3741-A9DC-BB9D34EE5780} = {8799AFEB-756E-4740-8460-7D5D8D9D8DE6}
		{763BECA9-0785-31A2-851F-F6F1465D4C56} = {8799AFEB-756E-4740-8460-7D5D8D9D8DE6}
		{25F1F230-8722-3294-9A82-3F5D93073CA7} = {3D6E007E-129F-3BF6-875D-ED22F6AAA088}
		{75E4E709-2A1F-3E15-97D0-DC85B614C59E} = {F02A0AD5-18B7-3AD1-952A-FACA86C883C3}
		{2BAD0CF6-9926-3937-9399-AB763A6D6E8E} = {F02A0AD5-18B7-3AD1-952A-FACA86C883C3}
		{F4649CDD-EBEF-381E-B761-A74D7C769E05} = {F02A0AD5-18B7-3AD1-952A-FACA86C883C3}
		{0C24BCD0-4390-3055-A2F6-2C8A42C3BC58} = {3D6E007E-129F-3BF6-875D-ED22F6AAA088}
		{65FC7599-4461-3D4B-A4CA-650D6394E5DC} = {8799AFEB-756E-4740-8460-7D5D8D9D8DE6}
		{6BCB52A1-3233-3F0A-886E-C7B6666C0845} = {F02A0AD5-18B7-3AD1-952A-FACA86C883C3}
		{9D87A25E-9CB1-33BE-BF55-ED24F1BEA689} = {F02A0AD5-18B7-3AD1-952A-FACA86C883C3}
		{2F0D42A7-7621-307F-8722-340D150E686B} = {8799AFEB-756E-4740-8460-7D5D8D9D8DE6}
		{A232D01B-8121-365E-B21E-380119B4A2F8} = {3D6E007E-129F-3BF6-875D-ED22F6AAA088}
		{42D9FB67-B924-3C35-8EE0-353075B0C9AE} = {8799AFEB-756E-4740-8460-7D5D8D9D8DE6}
		{0C89160B-F0FF-3B00-A234-9EC8877EDEFF} = {3D6E007E-129F-3BF6-875D-ED22F6AAA088}
		{AE105776-CAC0-304A-89A3-13174D730095} = {3D6E007E-129F-3BF6-875D-ED22F6AAA088}
		{3D45B661-409A-342E-A689-92909AB52F9D} = {F02A0AD5-18B7-3AD1-952A-FACA86C883C3}
		{2AD109D2-BB4D-3B23-A4F8-F6A0B1BEF8AA} = {F02A0AD5-18B7-3AD1-952A-FACA86C883C3}
		{15E100A8-6BA6-3744-B601-706183B93310} = {F02A0AD5-18B7-3AD1-952A-FACA86C883C3}
		{B53EA64B-525D-30AE-B9B7-A982321134C0} = {F02A0AD5-18B7-3AD1-952A-FACA86C883C3}
		{D094F381-AB08-32E9-A816-A669AFB510F4} = {8799AFEB-756E-4740-8460-7D5D8D9D8DE6}
		{256454A6-1F7A-3D4F-95D7-5B0DC9AA9C00} = {8799AFEB-756E-4740-8460-7D5D8D9D8DE6}
		{7A7FB347-F04B-397D-8221-55F5A072006D} = {8799AFEB-756E-4740-8460-7D5D8D9D8DE6}
		{39C3E051-8DFF-3A8A-B56B-C768951D31C2} = {3D6E007E-129F-3BF6-875D-ED22F6AAA088}
		{53AE261C-B7A6-30BF-AD5B-7197A1E6B3DC} = {C0BFD508-1D08-3C96-B987-1C70B4EA9686}
		{0EE710F9-7C5C-3DEF-8921-4C0657DCDE49} = {3D6E007E-129F-3BF6-875D-ED22F6AAA088}
		{F8EF810B-A436-3256-8716-9BC664683E4A} = {8799AFEB-756E-4740-8460-7D5D8D9D8DE6}
		{FA6959E6-0167-3A1F-9174-C823574CB1D8} = {8799AFEB-756E-4740-8460-7D5D8D9D8DE6}
		{11BB04C8-ACA5-3881-8ECD-F1D400D3824E} = {3D6E007E-129F-3BF6-875D-ED22F6AAA088}
		{7E8A8F24-BD32-3B6C-9416-BA4D4615023D} = {8799AFEB-756E-4740-8460-7D5D8D9D8DE6}
		{A2DD7FDD-5F87-3DF6-8056-28ECB89FB326} = {8799AFEB-756E-4740-8460-7D5D8D9D8DE6}
		{4139AE53-C30E-3D76-ABB9-BEA89B680057} = {8799AFEB-756E-4740-8460-7D5D8D9D8DE6}
		{BBAC4A66-ABE6-3EBB-9C30-A266CE52C377} = {8799AFEB-756E-4740-8460-7D5D8D9D8DE6}
		{DDDDE8A2-92AF-39C1-B869-EFF49A3935C9} = {8799AFEB-756E-4740-8460-7D5D8D9D8DE6}
		{B5CD1C3B-90BD-3552-99E6-B266FFD31956} = {8799AFEB-756E-4740-8460-7D5D8D9D8DE6}
		{213A7241-BCB4-34C3-825C-F25DF5C66F5F} = {C0BFD508-1D08-3C96-B987-1C70B4EA9686}
		{60659D09-FEA3-37CE-BC08-689D67984FA0} = {8799AFEB-756E-4740-8460-7D5D8D9D8DE6}
		{311CAB1F-407A-310E-8F09-385A47BA4D01} = {8799AFEB-756E-4740-8460-7D5D8D9D8DE6}
		{3881D659-B347-31FA-A273-592289C2DB71} = {3D6E007E-129F-3BF6-875D-ED22F6AAA088}
		{2363B65B-1F0C-348B-93DA-AAEB006CD32E} = {8799AFEB-756E-4740-8460-7D5D8D9D8DE6}
		{15701590-D343-30A1-82C5-AFA270C289BA} = {8799AFEB-756E-4740-8460-7D5D8D9D8DE6}
		{325FFAE1-DAC8-3CF1-A0ED-DC4CF0C80768} = {8799AFEB-756E-4740-8460-7D5D8D9D8DE6}
		{320D0373-40C4-35AC-8C75-401C4E48A889} = {8799AFEB-756E-4740-8460-7D5D8D9D8DE6}
		{1B0079EE-5BE8-31D7-B120-0F5E37BEB424} = {8799AFEB-756E-4740-8460-7D5D8D9D8DE6}
		{C9F72501-E78A-3D44-8F30-3B549E9AE41F} = {3D6E007E-129F-3BF6-875D-ED22F6AAA088}
		{C7B12197-80DA-3FC4-9EAA-4EF3318CE198} = {3D6E007E-129F-3BF6-875D-ED22F6AAA088}
		{282F506C-806C-33EF-884D-3E3E9CA8EE5D} = {3D6E007E-129F-3BF6-875D-ED22F6AAA088}
		{8F05A614-76CD-35FE-B1C2-51DEC93243D6} = {8799AFEB-756E-4740-8460-7D5D8D9D8DE6}
		{51A55CFC-30A7-325F-B415-57CC03CC1F26} = {8799AFEB-756E-4740-8460-7D5D8D9D8DE6}
		{A497379D-DF46-3CBF-996E-BDBA6D69D052} = {8799AFEB-756E-4740-8460-7D5D8D9D8DE6}
		{11D3B6C4-F526-3E17-A210-B60F39448D0D} = {8799AFEB-756E-4740-8460-7D5D8D9D8DE6}
		{E93F04C6-E5AB-3561-915E-C9C94B9C336E} = {8799AFEB-756E-4740-8460-7D5D8D9D8DE6}
		{3A04D858-B82E-3A36-8AA0-1CA8EDAF9FE7} = {332C845F-43EC-37BC-867E-CF17421958F7}
	EndGlobalSection
	GlobalSection(ExtensibilityGlobals) = postSolution
		SolutionGuid = {69F63A37-0E71-342B-98FB-DAE9FEDBB715}
	EndGlobalSection
EndGlobal
