<?xml version="1.0" encoding="utf-8"?>
<Project ToolsVersion="15.0" xmlns="http://schemas.microsoft.com/developer/msbuild/2003">
  <ItemGroup>
    <ClCompile Include="src\bgfg_KNN.cpp" />
    <ClCompile Include="src\bgfg_gaussmix2.cpp" />
    <ClCompile Include="src\camshift.cpp" />
    <ClCompile Include="src\dis_flow.cpp" />
    <ClCompile Include="src\ecc.cpp" />
    <ClCompile Include="src\kalman.cpp" />
    <ClCompile Include="src\lkpyramid.cpp" />
    <ClCompile Include="src\optflowgf.cpp" />
    <ClCompile Include="src\optical_flow_io.cpp" />
    <ClCompile Include="src\tracking\detail\tracker_feature.cpp" />
    <ClCompile Include="src\tracking\detail\tracker_feature_set.cpp" />
    <ClCompile Include="src\tracking\detail\tracker_mil_model.cpp" />
    <ClCompile Include="src\tracking\detail\tracker_mil_state.cpp" />
    <ClCompile Include="src\tracking\detail\tracker_model.cpp" />
    <ClCompile Include="src\tracking\detail\tracker_sampler.cpp" />
    <ClCompile Include="src\tracking\detail\tracker_sampler_algorithm.cpp" />
    <ClCompile Include="src\tracking\detail\tracker_state_estimator.cpp" />
    <ClCompile Include="src\tracking\detail\tracking_feature.cpp" />
    <ClCompile Include="src\tracking\detail\tracking_online_mil.cpp" />
    <ClCompile Include="src\tracking\tracker.cpp" />
    <ClCompile Include="src\tracking\tracker_dasiamrpn.cpp" />
    <ClCompile Include="src\tracking\tracker_goturn.cpp" />
    <ClCompile Include="src\tracking\tracker_mil.cpp" />
    <ClCompile Include="src\tracking\tracker_nano.cpp" />
    <ClCompile Include="src\variational_refinement.cpp" />
    <ClCompile Include="opencl_kernels_video.cpp" />
    <ClCompile Include="opencv_video_main.cpp" />
  </ItemGroup>
  <ItemGroup>
    <ClInclude Include="D:\LIB\opencv\opencv480\build\cvconfig.h">
      <Filter>Include</Filter>
    </ClInclude>
    <ClInclude Include="D:\LIB\opencv\opencv480\build\opencv2\opencv_modules.hpp">
      <Filter>Include</Filter>
    </ClInclude>
    <ClInclude Include="include\opencv2\video.hpp" />
    <ClInclude Include="include\opencv2\video\background_segm.hpp" />
    <ClInclude Include="include\opencv2\video\detail\tracking.detail.hpp" />
    <ClInclude Include="include\opencv2\video\legacy\constants_c.h" />
    <ClInclude Include="include\opencv2\video\tracking.hpp" />
    <ClInclude Include="include\opencv2\video\video.hpp" />
    <ClInclude Include="opencl_kernels_video.hpp" />
    <ClInclude Include="src\lkpyramid.hpp" />
    <ClInclude Include="src\precomp.hpp" />
    <ClInclude Include="src\tracking\detail\tracker_feature_haar.impl.hpp" />
    <ClInclude Include="src\tracking\detail\tracker_mil_model.hpp" />
    <ClInclude Include="src\tracking\detail\tracker_mil_state.hpp" />
    <ClInclude Include="src\tracking\detail\tracking_feature.hpp" />
    <ClInclude Include="src\tracking\detail\tracking_online_mil.hpp" />
  </ItemGroup>
  <ItemGroup>
    <None Include="src\opencl\bgfg_knn.cl" />
    <None Include="src\opencl\bgfg_mog2.cl" />
    <None Include="src\opencl\dis_flow.cl" />
    <None Include="src\opencl\optical_flow_farneback.cl" />
    <None Include="src\opencl\pyrlk.cl" />
  </ItemGroup>
  <ItemGroup>
    <ResourceCompile Include="vs_version.rc" />
  </ItemGroup>
  <ItemGroup>
    <Filter Include="CMake Rules">
      <UniqueIdentifier>{BC6BC956-0833-3F3E-B3C8-CF14B630DA9D}</UniqueIdentifier>
    </Filter>
    <Filter Include="Include">
      <UniqueIdentifier>{F73E1321-2CC0-3C82-B659-D2B5CEC43562}</UniqueIdentifier>
    </Filter>
    <Filter Include="Include\opencv2">
      <UniqueIdentifier>{7B157B1B-D693-3CAB-B777-2F3947536837}</UniqueIdentifier>
    </Filter>
    <Filter Include="Include\opencv2\video">
      <UniqueIdentifier>{26E8FBF9-841A-3B01-A2AB-5593EBF9C5E9}</UniqueIdentifier>
    </Filter>
    <Filter Include="Include\opencv2\video\detail">
      <UniqueIdentifier>{A76B2654-899D-3B42-B2B7-06D5D844D178}</UniqueIdentifier>
    </Filter>
    <Filter Include="Include\opencv2\video\legacy">
      <UniqueIdentifier>{EB165A87-A0ED-3CBA-B01D-A56B5BCC5857}</UniqueIdentifier>
    </Filter>
    <Filter Include="Precompile Header File">
      <UniqueIdentifier>{5D557921-288E-3543-B0CB-0F405FBA551C}</UniqueIdentifier>
    </Filter>
    <Filter Include="Source Files">
      <UniqueIdentifier>{B424FE76-8A02-34EF-85BB-75F86BE76CE0}</UniqueIdentifier>
    </Filter>
    <Filter Include="Src">
      <UniqueIdentifier>{BA1B5659-E9EF-3DC1-8E8D-15B598609623}</UniqueIdentifier>
    </Filter>
    <Filter Include="Src\opencl">
      <UniqueIdentifier>{B0F36292-7761-3055-A6B6-041B8E30B9A5}</UniqueIdentifier>
    </Filter>
    <Filter Include="Src\opencl\kernels">
      <UniqueIdentifier>{A508DA8B-FF29-300B-8DAE-83129DCCA3EC}</UniqueIdentifier>
    </Filter>
    <Filter Include="Src\opencl\kernels\autogenerated">
      <UniqueIdentifier>{ABADE330-7AC5-39DC-8486-109D51C8EF9B}</UniqueIdentifier>
    </Filter>
    <Filter Include="Src\tracking">
      <UniqueIdentifier>{FFEF40CC-366B-36DE-83B8-D2DC618AA42D}</UniqueIdentifier>
    </Filter>
    <Filter Include="Src\tracking\detail">
      <UniqueIdentifier>{55766F45-00A6-3198-956E-6A6C1B38A092}</UniqueIdentifier>
    </Filter>
  </ItemGroup>
</Project>