<?xml version="1.0" encoding="utf-8"?>
<Project ToolsVersion="15.0" xmlns="http://schemas.microsoft.com/developer/msbuild/2003">
  <ItemGroup>
    <ClCompile Include="src\ModelLoader.cpp">
      <Filter>Source Files</Filter>
    </ClCompile>
    <ClCompile Include="src\DetectionPostProcess.cpp">
      <Filter>Source Files</Filter>
    </ClCompile>
    <ClCompile Include="src\IrisLandmark.cpp">
      <Filter>Source Files</Filter>
    </ClCompile>
    <ClCompile Include="src\FaceLandmark.cpp">
      <Filter>Source Files</Filter>
    </ClCompile>
    <ClCompile Include="src\FaceDetection.cpp">
      <Filter>Source Files</Filter>
    </ClCompile>
    <ClCompile Include="FaceMeshCpp.cpp" />
    <ClCompile Include="src\demo.cpp" />
  </ItemGroup>
  <ItemGroup>
    <ClInclude Include="src\ModelLoader.hpp">
      <Filter>Header Files</Filter>
    </ClInclude>
    <ClInclude Include="src\DetectionPostProcess.hpp">
      <Filter>Header Files</Filter>
    </ClInclude>
    <ClInclude Include="src\IrisLandmark.hpp">
      <Filter>Header Files</Filter>
    </ClInclude>
    <ClInclude Include="src\FaceLandmark.hpp">
      <Filter>Header Files</Filter>
    </ClInclude>
    <ClInclude Include="src\FaceDetection.hpp">
      <Filter>Header Files</Filter>
    </ClInclude>
    <ClInclude Include="FaceMeshCpp.h" />
  </ItemGroup>
  <ItemGroup>
    <Filter Include="Header Files">
      <UniqueIdentifier>{F5F1C5C7-7FDB-3D87-8B61-9C6138D6C09E}</UniqueIdentifier>
    </Filter>
    <Filter Include="Source Files">
      <UniqueIdentifier>{2C5560FC-E06F-3200-A2DE-E2C214F35737}</UniqueIdentifier>
    </Filter>
  </ItemGroup>
</Project>